// !$*UTF8*$!
{
	archiveVersion = 1;
	classes = {
	};
	objectVersion = 46;
	objects = {

/* Begin PBXBuildFile section */
		A0E135E91F05DAF400023E22 /* StageController.hpp in Headers */ = {isa = PBXBuildFile; fileRef = A0E135E71F05DAF400023E22 /* StageController.hpp */; };
		A0E135EA1F05DAF400023E22 /* StageSection.hpp in Headers */ = {isa = PBXBuildFile; fileRef = A0E135E81F05DAF400023E22 /* StageSection.hpp */; };
		A0E135ED1F05DB0900023E22 /* StageController.cpp in Sources */ = {isa = PBXBuildFile; fileRef = A0E135EB1F05DB0900023E22 /* StageController.cpp */; };
		A0E135EE1F05DB0900023E22 /* StageSection.cpp in Sources */ = {isa = PBXBuildFile; fileRef = A0E135EC1F05DB0900023E22 /* StageSection.cpp */; };
		A0E135F51F05DD3F00023E22 /* Camera.cpp in Sources */ = {isa = PBXBuildFile; fileRef = A0E135F31F05DD2800023E22 /* Camera.cpp */; };
		A0E135F61F05DD4200023E22 /* FollowerCamera.cpp in Sources */ = {isa = PBXBuildFile; fileRef = A0E135F41F05DD2800023E22 /* FollowerCamera.cpp */; };
		A0E135F81F05DDA500023E22 /* ContactEvent.cpp in Sources */ = {isa = PBXBuildFile; fileRef = A0E135F71F05DDA500023E22 /* ContactEvent.cpp */; };
		A0E135FA1F05DDD700023E22 /* ContactEvent.hpp in Headers */ = {isa = PBXBuildFile; fileRef = A0E135F91F05DDD700023E22 /* ContactEvent.hpp */; };
		F14EE0391EA51C260055AC89 /* AttackAction.cpp in Sources */ = {isa = PBXBuildFile; fileRef = F14EE0381EA51C260055AC89 /* AttackAction.cpp */; };
		F15A1FB51E549FAE008D83E5 /* Entity.cpp in Sources */ = {isa = PBXBuildFile; fileRef = F15A1FAF1E549FAE008D83E5 /* Entity.cpp */; };
		F15BDFC11E9547E500B92754 /* Fight.cpp in Sources */ = {isa = PBXBuildFile; fileRef = F1209DFA1E68AF8E00E1BF4F /* Fight.cpp */; };
		F15F24F31E8E9550005EE4F1 /* Stage.cpp in Sources */ = {isa = PBXBuildFile; fileRef = F15F24F21E8E9550005EE4F1 /* Stage.cpp */; };
		F15F25021E8EA8A7005EE4F1 /* Collidable.cpp in Sources */ = {isa = PBXBuildFile; fileRef = F15F25011E8EA8A7005EE4F1 /* Collidable.cpp */; };
		F164D2DB1E8C164F00B11F7F /* ActionInterruptEvent.cpp in Sources */ = {isa = PBXBuildFile; fileRef = F164D2DA1E8C164F00B11F7F /* ActionInterruptEvent.cpp */; };
		F16539AA1E94069700F11ACB /* KeyboardCharacterController.cpp in Sources */ = {isa = PBXBuildFile; fileRef = F16539A91E94069700F11ACB /* KeyboardCharacterController.cpp */; };
		F16971C91EA4EEB6007E1893 /* Event.cpp in Sources */ = {isa = PBXBuildFile; fileRef = F16971C81EA4EEB6007E1893 /* Event.cpp */; };
		F16971CB1EA4EEC4007E1893 /* HitboxClash.cpp in Sources */ = {isa = PBXBuildFile; fileRef = F16971CA1EA4EEC4007E1893 /* HitboxClash.cpp */; };
		F16971CD1EA4EEC8007E1893 /* HitboxCollision.cpp in Sources */ = {isa = PBXBuildFile; fileRef = F16971CC1EA4EEC8007E1893 /* HitboxCollision.cpp */; };
		F16CDDA81E9E9A1500E4DB26 /* HitboxInfo.cpp in Sources */ = {isa = PBXBuildFile; fileRef = F16CDDA71E9E9A1500E4DB26 /* HitboxInfo.cpp */; };
		F16D60521E9FCF61007E7740 /* HitboxClashEvent.cpp in Sources */ = {isa = PBXBuildFile; fileRef = F16D60511E9FCF61007E7740 /* HitboxClashEvent.cpp */; };
		F16D60611E9FD5BF007E7740 /* CollisionEvent.cpp in Sources */ = {isa = PBXBuildFile; fileRef = F16D60601E9FD5BF007E7740 /* CollisionEvent.cpp */; };
		F16D606F1E9FE8A3007E7740 /* HitboxCollisionEvent.cpp in Sources */ = {isa = PBXBuildFile; fileRef = F16D606E1E9FE8A3007E7740 /* HitboxCollisionEvent.cpp */; };
		F16D60851E9FF91C007E7740 /* HitboxCollisionManager.cpp in Sources */ = {isa = PBXBuildFile; fileRef = F16D60841E9FF91C007E7740 /* HitboxCollisionManager.cpp */; };
		F17A3A711E97C43A00D07EBE /* AnimationMetaPoint.cpp in Sources */ = {isa = PBXBuildFile; fileRef = F17A3A701E97C43A00D07EBE /* AnimationMetaPoint.cpp */; };
		F17A3A871E97CD2500D07EBE /* Platform.hpp in Headers */ = {isa = PBXBuildFile; fileRef = F17A3A861E97CD2500D07EBE /* Platform.hpp */; };
		F17A3A891E97CD3500D07EBE /* Platform.cpp in Sources */ = {isa = PBXBuildFile; fileRef = F17A3A881E97CD3500D07EBE /* Platform.cpp */; };
		F17BBBE91E64965800A7F8F4 /* BoxCollisionRect.cpp in Sources */ = {isa = PBXBuildFile; fileRef = F17BBBE61E64965800A7F8F4 /* BoxCollisionRect.cpp */; };
		F17BBBEA1E64965800A7F8F4 /* CollisionRect.cpp in Sources */ = {isa = PBXBuildFile; fileRef = F17BBBE71E64965800A7F8F4 /* CollisionRect.cpp */; };
		F17BBBEB1E64965800A7F8F4 /* PixelCollisionRect.cpp in Sources */ = {isa = PBXBuildFile; fileRef = F17BBBE81E64965800A7F8F4 /* PixelCollisionRect.cpp */; };
		F17BBBEE1E64965E00A7F8F4 /* CollisionManager.cpp in Sources */ = {isa = PBXBuildFile; fileRef = F17BBBEC1E64965E00A7F8F4 /* CollisionManager.cpp */; };
		F17BBBEF1E64965E00A7F8F4 /* CollisionPair.cpp in Sources */ = {isa = PBXBuildFile; fileRef = F17BBBED1E64965E00A7F8F4 /* CollisionPair.cpp */; };
		F17D96CD1E6DB50B003F4D85 /* Action.hpp in Headers */ = {isa = PBXBuildFile; fileRef = F17D96CB1E6DB50B003F4D85 /* Action.hpp */; };
		F17D96D01E6DB51B003F4D85 /* ActionEntity.hpp in Headers */ = {isa = PBXBuildFile; fileRef = F17D96CF1E6DB51B003F4D85 /* ActionEntity.hpp */; };
		F17D96D31E6DB531003F4D85 /* Action.cpp in Sources */ = {isa = PBXBuildFile; fileRef = F17D96D11E6DB531003F4D85 /* Action.cpp */; };
		F17D96D71E6DB53B003F4D85 /* ActionEntity.cpp in Sources */ = {isa = PBXBuildFile; fileRef = F17D96D51E6DB53B003F4D85 /* ActionEntity.cpp */; };
		F17D96D81E6DB53B003F4D85 /* Character.cpp in Sources */ = {isa = PBXBuildFile; fileRef = F17D96D61E6DB53B003F4D85 /* Character.cpp */; };
		F17F947E1EA1135600D9CACB /* HitboxClashPair.cpp in Sources */ = {isa = PBXBuildFile; fileRef = F17F947D1EA1135600D9CACB /* HitboxClashPair.cpp */; };
		F17F94801EA1135B00D9CACB /* HitboxCollisionPair.cpp in Sources */ = {isa = PBXBuildFile; fileRef = F17F947F1EA1135B00D9CACB /* HitboxCollisionPair.cpp */; };
		F18196251E8ABAB7009BD55F /* CollisionRectManager.cpp in Sources */ = {isa = PBXBuildFile; fileRef = F18196241E8ABAB7009BD55F /* CollisionRectManager.cpp */; };
		F18196381E8ADADC009BD55F /* DrawManager.cpp in Sources */ = {isa = PBXBuildFile; fileRef = F18196371E8ADADC009BD55F /* DrawManager.cpp */; };
		F1A7DF4B1E893E2F00472DB2 /* AnimationAssetManager.cpp in Sources */ = {isa = PBXBuildFile; fileRef = F1A7DF481E893E2F00472DB2 /* AnimationAssetManager.cpp */; };
		F1A7DF4C1E893E2F00472DB2 /* AnimationData.cpp in Sources */ = {isa = PBXBuildFile; fileRef = F1A7DF491E893E2F00472DB2 /* AnimationData.cpp */; };
		F1A7DF4D1E893E2F00472DB2 /* Sprite.cpp in Sources */ = {isa = PBXBuildFile; fileRef = F1A7DF4A1E893E2F00472DB2 /* Sprite.cpp */; };
		F1BA75C71E92845700647E41 /* CharacterController.cpp in Sources */ = {isa = PBXBuildFile; fileRef = F1BA75C61E92845700647E41 /* CharacterController.cpp */; };
		F1BA75C91E92846400647E41 /* FightParams.cpp in Sources */ = {isa = PBXBuildFile; fileRef = F1BA75C81E92846400647E41 /* FightParams.cpp */; };
		F1BA75CB1E92847300647E41 /* Item.cpp in Sources */ = {isa = PBXBuildFile; fileRef = F1BA75CA1E92847300647E41 /* Item.cpp */; };
/* End PBXBuildFile section */

/* Begin PBXFileReference section */
		A0E135E71F05DAF400023E22 /* StageController.hpp */ = {isa = PBXFileReference; fileEncoding = 4; lastKnownFileType = sourcecode.cpp.h; path = StageController.hpp; sourceTree = "<group>"; };
		A0E135E81F05DAF400023E22 /* StageSection.hpp */ = {isa = PBXFileReference; fileEncoding = 4; lastKnownFileType = sourcecode.cpp.h; path = StageSection.hpp; sourceTree = "<group>"; };
		A0E135EB1F05DB0900023E22 /* StageController.cpp */ = {isa = PBXFileReference; fileEncoding = 4; lastKnownFileType = sourcecode.cpp.cpp; path = StageController.cpp; sourceTree = "<group>"; };
		A0E135EC1F05DB0900023E22 /* StageSection.cpp */ = {isa = PBXFileReference; fileEncoding = 4; lastKnownFileType = sourcecode.cpp.cpp; path = StageSection.cpp; sourceTree = "<group>"; };
		A0E135F01F05DD1800023E22 /* Camera.hpp */ = {isa = PBXFileReference; lastKnownFileType = sourcecode.cpp.h; path = Camera.hpp; sourceTree = "<group>"; };
		A0E135F11F05DD1800023E22 /* FollowerCamera.hpp */ = {isa = PBXFileReference; lastKnownFileType = sourcecode.cpp.h; path = FollowerCamera.hpp; sourceTree = "<group>"; };
		A0E135F31F05DD2800023E22 /* Camera.cpp */ = {isa = PBXFileReference; lastKnownFileType = sourcecode.cpp.cpp; path = Camera.cpp; sourceTree = "<group>"; };
		A0E135F41F05DD2800023E22 /* FollowerCamera.cpp */ = {isa = PBXFileReference; lastKnownFileType = sourcecode.cpp.cpp; path = FollowerCamera.cpp; sourceTree = "<group>"; };
		A0E135F71F05DDA500023E22 /* ContactEvent.cpp */ = {isa = PBXFileReference; fileEncoding = 4; lastKnownFileType = sourcecode.cpp.cpp; path = ContactEvent.cpp; sourceTree = "<group>"; };
		A0E135F91F05DDD700023E22 /* ContactEvent.hpp */ = {isa = PBXFileReference; fileEncoding = 4; lastKnownFileType = sourcecode.cpp.h; path = ContactEvent.hpp; sourceTree = "<group>"; };
		F1209DF81E68AF5A00E1BF4F /* Fight.hpp */ = {isa = PBXFileReference; lastKnownFileType = sourcecode.cpp.h; path = Fight.hpp; sourceTree = "<group>"; };
		F1209DFA1E68AF8E00E1BF4F /* Fight.cpp */ = {isa = PBXFileReference; lastKnownFileType = sourcecode.cpp.cpp; path = Fight.cpp; sourceTree = "<group>"; };
		F14EE0371EA51C130055AC89 /* AttackAction.hpp */ = {isa = PBXFileReference; lastKnownFileType = sourcecode.cpp.h; path = AttackAction.hpp; sourceTree = "<group>"; };
		F14EE0381EA51C260055AC89 /* AttackAction.cpp */ = {isa = PBXFileReference; fileEncoding = 4; lastKnownFileType = sourcecode.cpp.cpp; path = AttackAction.cpp; sourceTree = "<group>"; };
		F15A1F901E549F5E008D83E5 /* libFightLib.a */ = {isa = PBXFileReference; explicitFileType = archive.ar; includeInIndex = 0; path = libFightLib.a; sourceTree = BUILT_PRODUCTS_DIR; };
		F15A1FAF1E549FAE008D83E5 /* Entity.cpp */ = {isa = PBXFileReference; fileEncoding = 4; lastKnownFileType = sourcecode.cpp.cpp; path = Entity.cpp; sourceTree = "<group>"; };
		F15F24F01E8E9541005EE4F1 /* Stage.hpp */ = {isa = PBXFileReference; lastKnownFileType = sourcecode.cpp.h; path = Stage.hpp; sourceTree = "<group>"; };
		F15F24F21E8E9550005EE4F1 /* Stage.cpp */ = {isa = PBXFileReference; fileEncoding = 4; lastKnownFileType = sourcecode.cpp.cpp; path = Stage.cpp; sourceTree = "<group>"; };
		F15F25011E8EA8A7005EE4F1 /* Collidable.cpp */ = {isa = PBXFileReference; fileEncoding = 4; lastKnownFileType = sourcecode.cpp.cpp; path = Collidable.cpp; sourceTree = "<group>"; };
		F164D2D91E8C163D00B11F7F /* ActionInterruptEvent.hpp */ = {isa = PBXFileReference; lastKnownFileType = sourcecode.cpp.h; path = ActionInterruptEvent.hpp; sourceTree = "<group>"; };
		F164D2DA1E8C164F00B11F7F /* ActionInterruptEvent.cpp */ = {isa = PBXFileReference; fileEncoding = 4; lastKnownFileType = sourcecode.cpp.cpp; path = ActionInterruptEvent.cpp; sourceTree = "<group>"; };
		F16539A81E94068400F11ACB /* KeyboardCharacterController.hpp */ = {isa = PBXFileReference; lastKnownFileType = sourcecode.cpp.h; path = KeyboardCharacterController.hpp; sourceTree = "<group>"; };
		F16539A91E94069700F11ACB /* KeyboardCharacterController.cpp */ = {isa = PBXFileReference; fileEncoding = 4; lastKnownFileType = sourcecode.cpp.cpp; path = KeyboardCharacterController.cpp; sourceTree = "<group>"; };
		F16971C31EA4EE8C007E1893 /* HitboxCollision.hpp */ = {isa = PBXFileReference; lastKnownFileType = sourcecode.cpp.h; path = HitboxCollision.hpp; sourceTree = "<group>"; };
		F16971C41EA4EE95007E1893 /* HitboxClash.hpp */ = {isa = PBXFileReference; lastKnownFileType = sourcecode.cpp.h; path = HitboxClash.hpp; sourceTree = "<group>"; };
		F16971C61EA4EEA1007E1893 /* Event.hpp */ = {isa = PBXFileReference; lastKnownFileType = sourcecode.cpp.h; path = Event.hpp; sourceTree = "<group>"; };
		F16971C81EA4EEB6007E1893 /* Event.cpp */ = {isa = PBXFileReference; fileEncoding = 4; lastKnownFileType = sourcecode.cpp.cpp; path = Event.cpp; sourceTree = "<group>"; };
		F16971CA1EA4EEC4007E1893 /* HitboxClash.cpp */ = {isa = PBXFileReference; fileEncoding = 4; lastKnownFileType = sourcecode.cpp.cpp; path = HitboxClash.cpp; sourceTree = "<group>"; };
		F16971CC1EA4EEC8007E1893 /* HitboxCollision.cpp */ = {isa = PBXFileReference; fileEncoding = 4; lastKnownFileType = sourcecode.cpp.cpp; path = HitboxCollision.cpp; sourceTree = "<group>"; };
		F16CDDA61E9E99F200E4DB26 /* HitboxInfo.hpp */ = {isa = PBXFileReference; lastKnownFileType = sourcecode.cpp.h; path = HitboxInfo.hpp; sourceTree = "<group>"; };
		F16CDDA71E9E9A1500E4DB26 /* HitboxInfo.cpp */ = {isa = PBXFileReference; fileEncoding = 4; lastKnownFileType = sourcecode.cpp.cpp; path = HitboxInfo.cpp; sourceTree = "<group>"; };
		F16D60501E9FCF4D007E7740 /* HitboxClashEvent.hpp */ = {isa = PBXFileReference; lastKnownFileType = sourcecode.cpp.h; path = HitboxClashEvent.hpp; sourceTree = "<group>"; };
		F16D60511E9FCF61007E7740 /* HitboxClashEvent.cpp */ = {isa = PBXFileReference; fileEncoding = 4; lastKnownFileType = sourcecode.cpp.cpp; path = HitboxClashEvent.cpp; sourceTree = "<group>"; };
		F16D605F1E9FD5AB007E7740 /* CollisionEvent.hpp */ = {isa = PBXFileReference; lastKnownFileType = sourcecode.cpp.h; path = CollisionEvent.hpp; sourceTree = "<group>"; };
		F16D60601E9FD5BF007E7740 /* CollisionEvent.cpp */ = {isa = PBXFileReference; fileEncoding = 4; lastKnownFileType = sourcecode.cpp.cpp; path = CollisionEvent.cpp; sourceTree = "<group>"; };
		F16D606D1E9FE891007E7740 /* HitboxCollisionEvent.hpp */ = {isa = PBXFileReference; lastKnownFileType = sourcecode.cpp.h; path = HitboxCollisionEvent.hpp; sourceTree = "<group>"; };
		F16D606E1E9FE8A3007E7740 /* HitboxCollisionEvent.cpp */ = {isa = PBXFileReference; fileEncoding = 4; lastKnownFileType = sourcecode.cpp.cpp; path = HitboxCollisionEvent.cpp; sourceTree = "<group>"; };
		F16D60831E9FF8FA007E7740 /* HitboxCollisionManager.hpp */ = {isa = PBXFileReference; lastKnownFileType = sourcecode.cpp.h; path = HitboxCollisionManager.hpp; sourceTree = "<group>"; };
		F16D60841E9FF91C007E7740 /* HitboxCollisionManager.cpp */ = {isa = PBXFileReference; fileEncoding = 4; lastKnownFileType = sourcecode.cpp.cpp; path = HitboxCollisionManager.cpp; sourceTree = "<group>"; };
		F17A3A701E97C43A00D07EBE /* AnimationMetaPoint.cpp */ = {isa = PBXFileReference; fileEncoding = 4; lastKnownFileType = sourcecode.cpp.cpp; path = AnimationMetaPoint.cpp; sourceTree = "<group>"; };
		F17A3A721E97C45100D07EBE /* AnimationMetaPoint.hpp */ = {isa = PBXFileReference; lastKnownFileType = sourcecode.cpp.h; path = AnimationMetaPoint.hpp; sourceTree = "<group>"; };
		F17A3A861E97CD2500D07EBE /* Platform.hpp */ = {isa = PBXFileReference; fileEncoding = 4; lastKnownFileType = sourcecode.cpp.h; path = Platform.hpp; sourceTree = "<group>"; };
		F17A3A881E97CD3500D07EBE /* Platform.cpp */ = {isa = PBXFileReference; fileEncoding = 4; lastKnownFileType = sourcecode.cpp.cpp; path = Platform.cpp; sourceTree = "<group>"; };
		F17BBBE61E64965800A7F8F4 /* BoxCollisionRect.cpp */ = {isa = PBXFileReference; fileEncoding = 4; lastKnownFileType = sourcecode.cpp.cpp; path = BoxCollisionRect.cpp; sourceTree = "<group>"; };
		F17BBBE71E64965800A7F8F4 /* CollisionRect.cpp */ = {isa = PBXFileReference; fileEncoding = 4; lastKnownFileType = sourcecode.cpp.cpp; path = CollisionRect.cpp; sourceTree = "<group>"; };
		F17BBBE81E64965800A7F8F4 /* PixelCollisionRect.cpp */ = {isa = PBXFileReference; fileEncoding = 4; lastKnownFileType = sourcecode.cpp.cpp; path = PixelCollisionRect.cpp; sourceTree = "<group>"; };
		F17BBBEC1E64965E00A7F8F4 /* CollisionManager.cpp */ = {isa = PBXFileReference; fileEncoding = 4; lastKnownFileType = sourcecode.cpp.cpp; path = CollisionManager.cpp; sourceTree = "<group>"; };
		F17BBBED1E64965E00A7F8F4 /* CollisionPair.cpp */ = {isa = PBXFileReference; fileEncoding = 4; lastKnownFileType = sourcecode.cpp.cpp; path = CollisionPair.cpp; sourceTree = "<group>"; };
		F17BBBF01E64967800A7F8F4 /* fightlib.hpp */ = {isa = PBXFileReference; lastKnownFileType = sourcecode.cpp.h; path = fightlib.hpp; sourceTree = "<group>"; };
		F17BBBF11E6496A900A7F8F4 /* Character.hpp */ = {isa = PBXFileReference; lastKnownFileType = sourcecode.cpp.h; path = Character.hpp; sourceTree = "<group>"; };
		F17BBBF21E6496A900A7F8F4 /* Entity.hpp */ = {isa = PBXFileReference; lastKnownFileType = sourcecode.cpp.h; path = Entity.hpp; sourceTree = "<group>"; };
		F17BBBF31E6496A900A7F8F4 /* Item.hpp */ = {isa = PBXFileReference; lastKnownFileType = sourcecode.cpp.h; path = Item.hpp; sourceTree = "<group>"; };
		F17BBBF61E6496C200A7F8F4 /* CollisionManager.hpp */ = {isa = PBXFileReference; lastKnownFileType = sourcecode.cpp.h; path = CollisionManager.hpp; sourceTree = "<group>"; };
		F17BBBF71E6496C200A7F8F4 /* CollisionPair.hpp */ = {isa = PBXFileReference; lastKnownFileType = sourcecode.cpp.h; path = CollisionPair.hpp; sourceTree = "<group>"; };
		F17BBBF91E6496DB00A7F8F4 /* BoxCollisionRect.hpp */ = {isa = PBXFileReference; lastKnownFileType = sourcecode.cpp.h; path = BoxCollisionRect.hpp; sourceTree = "<group>"; };
		F17BBBFA1E6496DB00A7F8F4 /* CollisionRect.hpp */ = {isa = PBXFileReference; lastKnownFileType = sourcecode.cpp.h; path = CollisionRect.hpp; sourceTree = "<group>"; };
		F17BBBFB1E6496DB00A7F8F4 /* PixelCollisionRect.hpp */ = {isa = PBXFileReference; lastKnownFileType = sourcecode.cpp.h; path = PixelCollisionRect.hpp; sourceTree = "<group>"; };
		F17D96CB1E6DB50B003F4D85 /* Action.hpp */ = {isa = PBXFileReference; fileEncoding = 4; lastKnownFileType = sourcecode.cpp.h; path = Action.hpp; sourceTree = "<group>"; };
		F17D96CF1E6DB51B003F4D85 /* ActionEntity.hpp */ = {isa = PBXFileReference; fileEncoding = 4; lastKnownFileType = sourcecode.cpp.h; path = ActionEntity.hpp; sourceTree = "<group>"; };
		F17D96D11E6DB531003F4D85 /* Action.cpp */ = {isa = PBXFileReference; fileEncoding = 4; lastKnownFileType = sourcecode.cpp.cpp; path = Action.cpp; sourceTree = "<group>"; };
		F17D96D51E6DB53B003F4D85 /* ActionEntity.cpp */ = {isa = PBXFileReference; fileEncoding = 4; lastKnownFileType = sourcecode.cpp.cpp; path = ActionEntity.cpp; sourceTree = "<group>"; };
		F17D96D61E6DB53B003F4D85 /* Character.cpp */ = {isa = PBXFileReference; fileEncoding = 4; lastKnownFileType = sourcecode.cpp.cpp; path = Character.cpp; sourceTree = "<group>"; };
		F17D97C91E6DCDAB003F4D85 /* libGameLibrary.a */ = {isa = PBXFileReference; lastKnownFileType = archive.ar; name = libGameLibrary.a; path = ../../external/GameLibrary/projects/xcode/build/Debug/libGameLibrary.a; sourceTree = "<group>"; };
		F17F947B1EA1133000D9CACB /* HitboxClashPair.hpp */ = {isa = PBXFileReference; lastKnownFileType = sourcecode.cpp.h; path = HitboxClashPair.hpp; sourceTree = "<group>"; };
		F17F947C1EA1133A00D9CACB /* HitboxCollisionPair.hpp */ = {isa = PBXFileReference; lastKnownFileType = sourcecode.cpp.h; path = HitboxCollisionPair.hpp; sourceTree = "<group>"; };
		F17F947D1EA1135600D9CACB /* HitboxClashPair.cpp */ = {isa = PBXFileReference; fileEncoding = 4; lastKnownFileType = sourcecode.cpp.cpp; path = HitboxClashPair.cpp; sourceTree = "<group>"; };
		F17F947F1EA1135B00D9CACB /* HitboxCollisionPair.cpp */ = {isa = PBXFileReference; fileEncoding = 4; lastKnownFileType = sourcecode.cpp.cpp; path = HitboxCollisionPair.cpp; sourceTree = "<group>"; };
		F18196231E8AB995009BD55F /* CollisionRectManager.hpp */ = {isa = PBXFileReference; lastKnownFileType = sourcecode.cpp.h; path = CollisionRectManager.hpp; sourceTree = "<group>"; };
		F18196241E8ABAB7009BD55F /* CollisionRectManager.cpp */ = {isa = PBXFileReference; fileEncoding = 4; lastKnownFileType = sourcecode.cpp.cpp; path = CollisionRectManager.cpp; sourceTree = "<group>"; };
		F18196361E8ADAC9009BD55F /* DrawManager.hpp */ = {isa = PBXFileReference; lastKnownFileType = sourcecode.cpp.h; path = DrawManager.hpp; sourceTree = "<group>"; };
		F18196371E8ADADC009BD55F /* DrawManager.cpp */ = {isa = PBXFileReference; fileEncoding = 4; lastKnownFileType = sourcecode.cpp.cpp; path = DrawManager.cpp; sourceTree = "<group>"; };
		F1A7DF481E893E2F00472DB2 /* AnimationAssetManager.cpp */ = {isa = PBXFileReference; fileEncoding = 4; lastKnownFileType = sourcecode.cpp.cpp; path = AnimationAssetManager.cpp; sourceTree = "<group>"; };
		F1A7DF491E893E2F00472DB2 /* AnimationData.cpp */ = {isa = PBXFileReference; fileEncoding = 4; lastKnownFileType = sourcecode.cpp.cpp; path = AnimationData.cpp; sourceTree = "<group>"; };
		F1A7DF4A1E893E2F00472DB2 /* Sprite.cpp */ = {isa = PBXFileReference; fileEncoding = 4; lastKnownFileType = sourcecode.cpp.cpp; path = Sprite.cpp; sourceTree = "<group>"; };
		F1A7DF4E1E893E4800472DB2 /* Collidable.hpp */ = {isa = PBXFileReference; fileEncoding = 4; lastKnownFileType = sourcecode.cpp.h; path = Collidable.hpp; sourceTree = "<group>"; };
		F1A7DF511E893E5400472DB2 /* AnimationAssetManager.hpp */ = {isa = PBXFileReference; lastKnownFileType = sourcecode.cpp.h; path = AnimationAssetManager.hpp; sourceTree = "<group>"; };
		F1A7DF521E893E5400472DB2 /* AnimationData.hpp */ = {isa = PBXFileReference; lastKnownFileType = sourcecode.cpp.h; path = AnimationData.hpp; sourceTree = "<group>"; };
		F1A7DF531E893E5400472DB2 /* Drawable.hpp */ = {isa = PBXFileReference; lastKnownFileType = sourcecode.cpp.h; path = Drawable.hpp; sourceTree = "<group>"; };
		F1A7DF541E893E5400472DB2 /* Sprite.hpp */ = {isa = PBXFileReference; lastKnownFileType = sourcecode.cpp.h; path = Sprite.hpp; sourceTree = "<group>"; };
		F1BA75C61E92845700647E41 /* CharacterController.cpp */ = {isa = PBXFileReference; fileEncoding = 4; lastKnownFileType = sourcecode.cpp.cpp; path = CharacterController.cpp; sourceTree = "<group>"; };
		F1BA75C81E92846400647E41 /* FightParams.cpp */ = {isa = PBXFileReference; fileEncoding = 4; lastKnownFileType = sourcecode.cpp.cpp; path = FightParams.cpp; sourceTree = "<group>"; };
		F1BA75CA1E92847300647E41 /* Item.cpp */ = {isa = PBXFileReference; fileEncoding = 4; lastKnownFileType = sourcecode.cpp.cpp; path = Item.cpp; sourceTree = "<group>"; };
		F1BA75CD1E92848D00647E41 /* CharacterController.hpp */ = {isa = PBXFileReference; lastKnownFileType = sourcecode.cpp.h; path = CharacterController.hpp; sourceTree = "<group>"; };
		F1BA75CE1E92849D00647E41 /* FightParams.hpp */ = {isa = PBXFileReference; lastKnownFileType = sourcecode.cpp.h; path = FightParams.hpp; sourceTree = "<group>"; };
/* End PBXFileReference section */

/* Begin PBXFrameworksBuildPhase section */
		F15A1F8D1E549F5E008D83E5 /* Frameworks */ = {
			isa = PBXFrameworksBuildPhase;
			buildActionMask = 2147483647;
			files = (
			);
			runOnlyForDeploymentPostprocessing = 0;
		};
/* End PBXFrameworksBuildPhase section */

/* Begin PBXGroup section */
		A0E135EF1F05DD1800023E22 /* camera */ = {
			isa = PBXGroup;
			children = (
				A0E135F01F05DD1800023E22 /* Camera.hpp */,
				A0E135F11F05DD1800023E22 /* FollowerCamera.hpp */,
			);
			path = camera;
			sourceTree = "<group>";
		};
		A0E135F21F05DD2800023E22 /* camera */ = {
			isa = PBXGroup;
			children = (
				A0E135F31F05DD2800023E22 /* Camera.cpp */,
				A0E135F41F05DD2800023E22 /* FollowerCamera.cpp */,
			);
			path = camera;
			sourceTree = "<group>";
		};
		F1209DF71E68AF5A00E1BF4F /* game */ = {
			isa = PBXGroup;
			children = (
				A0E135EF1F05DD1800023E22 /* camera */,
				F1209DF81E68AF5A00E1BF4F /* Fight.hpp */,
				F1BA75CE1E92849D00647E41 /* FightParams.hpp */,
			);
			path = game;
			sourceTree = "<group>";
		};
		F1209DF91E68AF8E00E1BF4F /* game */ = {
			isa = PBXGroup;
			children = (
				A0E135F21F05DD2800023E22 /* camera */,
				F1209DFA1E68AF8E00E1BF4F /* Fight.cpp */,
				F1BA75C81E92846400647E41 /* FightParams.cpp */,
			);
			path = game;
			sourceTree = "<group>";
		};
		F15A1F871E549F5E008D83E5 = {
			isa = PBXGroup;
			children = (
				F15A1F971E549FA7008D83E5 /* include */,
				F15A1FA71E549FAE008D83E5 /* src */,
				F15A1F911E549F5E008D83E5 /* Products */,
				F17D97C81E6DCDAB003F4D85 /* Frameworks */,
			);
			sourceTree = "<group>";
		};
		F15A1F911E549F5E008D83E5 /* Products */ = {
			isa = PBXGroup;
			children = (
				F15A1F901E549F5E008D83E5 /* libFightLib.a */,
			);
			name = Products;
			sourceTree = "<group>";
		};
		F15A1F971E549FA7008D83E5 /* include */ = {
			isa = PBXGroup;
			children = (
				F15A1F981E549FA7008D83E5 /* fightlib */,
			);
			name = include;
			path = ../../include;
			sourceTree = "<group>";
		};
		F15A1F981E549FA7008D83E5 /* fightlib */ = {
			isa = PBXGroup;
			children = (
				F16971C51EA4EEA1007E1893 /* base */,
				F1BA75CC1E92848D00647E41 /* controls */,
				F15A1F991E549FA7008D83E5 /* entity */,
				F1209DF71E68AF5A00E1BF4F /* game */,
				F15F24EF1E8E9541005EE4F1 /* stage */,
				F17BBBF01E64967800A7F8F4 /* fightlib.hpp */,
			);
			path = fightlib;
			sourceTree = "<group>";
		};
		F15A1F991E549FA7008D83E5 /* entity */ = {
			isa = PBXGroup;
			children = (
				F15A1F9A1E549FA7008D83E5 /* action */,
				F15A1F9D1E549FA7008D83E5 /* collision */,
				F1A7DF501E893E5400472DB2 /* draw */,
				F16CDDA41E9E99B000E4DB26 /* hitbox */,
				F17D96CF1E6DB51B003F4D85 /* ActionEntity.hpp */,
				F17BBBF11E6496A900A7F8F4 /* Character.hpp */,
				F17BBBF21E6496A900A7F8F4 /* Entity.hpp */,
				F17BBBF31E6496A900A7F8F4 /* Item.hpp */,
			);
			path = entity;
			sourceTree = "<group>";
		};
		F15A1F9A1E549FA7008D83E5 /* action */ = {
			isa = PBXGroup;
			children = (
				F17D96CB1E6DB50B003F4D85 /* Action.hpp */,
				F164D2D91E8C163D00B11F7F /* ActionInterruptEvent.hpp */,
				F14EE0371EA51C130055AC89 /* AttackAction.hpp */,
			);
			path = action;
			sourceTree = "<group>";
		};
		F15A1F9D1E549FA7008D83E5 /* collision */ = {
			isa = PBXGroup;
			children = (
				F17BBBF81E6496DB00A7F8F4 /* rects */,
				F1A7DF4E1E893E4800472DB2 /* Collidable.hpp */,
				F16D605F1E9FD5AB007E7740 /* CollisionEvent.hpp */,
				F17BBBF61E6496C200A7F8F4 /* CollisionManager.hpp */,
				F17BBBF71E6496C200A7F8F4 /* CollisionPair.hpp */,
				F18196231E8AB995009BD55F /* CollisionRectManager.hpp */,
				A0E135F91F05DDD700023E22 /* ContactEvent.hpp */,
			);
			path = collision;
			sourceTree = "<group>";
		};
		F15A1FA71E549FAE008D83E5 /* src */ = {
			isa = PBXGroup;
			children = (
				F1BA75C51E92845700647E41 /* controls */,
				F15A1FA81E549FAE008D83E5 /* entity */,
				F1209DF91E68AF8E00E1BF4F /* game */,
				F15F24F11E8E9550005EE4F1 /* stage */,
			);
			name = src;
			path = ../../src;
			sourceTree = "<group>";
		};
		F15A1FA81E549FAE008D83E5 /* entity */ = {
			isa = PBXGroup;
			children = (
				F16971C71EA4EEB6007E1893 /* base */,
				F15A1FA91E549FAE008D83E5 /* action */,
				F15A1FAB1E549FAE008D83E5 /* collision */,
				F1A7DF471E893E2F00472DB2 /* draw */,
				F16CDDA51E9E99DB00E4DB26 /* hitbox */,
				F17D96D51E6DB53B003F4D85 /* ActionEntity.cpp */,
				F17D96D61E6DB53B003F4D85 /* Character.cpp */,
				F15A1FAF1E549FAE008D83E5 /* Entity.cpp */,
				F1BA75CA1E92847300647E41 /* Item.cpp */,
			);
			path = entity;
			sourceTree = "<group>";
		};
		F15A1FA91E549FAE008D83E5 /* action */ = {
			isa = PBXGroup;
			children = (
				F17D96D11E6DB531003F4D85 /* Action.cpp */,
				F164D2DA1E8C164F00B11F7F /* ActionInterruptEvent.cpp */,
				F14EE0381EA51C260055AC89 /* AttackAction.cpp */,
			);
			path = action;
			sourceTree = "<group>";
		};
		F15A1FAB1E549FAE008D83E5 /* collision */ = {
			isa = PBXGroup;
			children = (
				F17BBBE51E64965800A7F8F4 /* rects */,
				F15F25011E8EA8A7005EE4F1 /* Collidable.cpp */,
				F16D60601E9FD5BF007E7740 /* CollisionEvent.cpp */,
				F17BBBEC1E64965E00A7F8F4 /* CollisionManager.cpp */,
				F17BBBED1E64965E00A7F8F4 /* CollisionPair.cpp */,
				F18196241E8ABAB7009BD55F /* CollisionRectManager.cpp */,
				A0E135F71F05DDA500023E22 /* ContactEvent.cpp */,
			);
			path = collision;
			sourceTree = "<group>";
		};
		F15F24EF1E8E9541005EE4F1 /* stage */ = {
			isa = PBXGroup;
			children = (
				F17A3A861E97CD2500D07EBE /* Platform.hpp */,
				F15F24F01E8E9541005EE4F1 /* Stage.hpp */,
				A0E135E71F05DAF400023E22 /* StageController.hpp */,
				A0E135E81F05DAF400023E22 /* StageSection.hpp */,
			);
			path = stage;
			sourceTree = "<group>";
		};
		F15F24F11E8E9550005EE4F1 /* stage */ = {
			isa = PBXGroup;
			children = (
				F17A3A881E97CD3500D07EBE /* Platform.cpp */,
				F15F24F21E8E9550005EE4F1 /* Stage.cpp */,
				A0E135EB1F05DB0900023E22 /* StageController.cpp */,
				A0E135EC1F05DB0900023E22 /* StageSection.cpp */,
			);
			path = stage;
			sourceTree = "<group>";
		};
		F16971C51EA4EEA1007E1893 /* base */ = {
			isa = PBXGroup;
			children = (
				F16971C61EA4EEA1007E1893 /* Event.hpp */,
			);
			path = base;
			sourceTree = "<group>";
		};
		F16971C71EA4EEB6007E1893 /* base */ = {
			isa = PBXGroup;
			children = (
				F16971C81EA4EEB6007E1893 /* Event.cpp */,
			);
			name = base;
			path = ../base;
			sourceTree = "<group>";
		};
		F16CDDA41E9E99B000E4DB26 /* hitbox */ = {
			isa = PBXGroup;
			children = (
				F16971C41EA4EE95007E1893 /* HitboxClash.hpp */,
				F16D60501E9FCF4D007E7740 /* HitboxClashEvent.hpp */,
				F17F947B1EA1133000D9CACB /* HitboxClashPair.hpp */,
				F16971C31EA4EE8C007E1893 /* HitboxCollision.hpp */,
				F16D606D1E9FE891007E7740 /* HitboxCollisionEvent.hpp */,
				F16D60831E9FF8FA007E7740 /* HitboxCollisionManager.hpp */,
				F17F947C1EA1133A00D9CACB /* HitboxCollisionPair.hpp */,
				F16CDDA61E9E99F200E4DB26 /* HitboxInfo.hpp */,
			);
			path = hitbox;
			sourceTree = "<group>";
		};
		F16CDDA51E9E99DB00E4DB26 /* hitbox */ = {
			isa = PBXGroup;
			children = (
				F16971CA1EA4EEC4007E1893 /* HitboxClash.cpp */,
				F16D60511E9FCF61007E7740 /* HitboxClashEvent.cpp */,
				F17F947D1EA1135600D9CACB /* HitboxClashPair.cpp */,
				F16971CC1EA4EEC8007E1893 /* HitboxCollision.cpp */,
				F16D606E1E9FE8A3007E7740 /* HitboxCollisionEvent.cpp */,
				F16D60841E9FF91C007E7740 /* HitboxCollisionManager.cpp */,
				F17F947F1EA1135B00D9CACB /* HitboxCollisionPair.cpp */,
				F16CDDA71E9E9A1500E4DB26 /* HitboxInfo.cpp */,
			);
			path = hitbox;
			sourceTree = "<group>";
		};
		F17BBBE51E64965800A7F8F4 /* rects */ = {
			isa = PBXGroup;
			children = (
				F17BBBE61E64965800A7F8F4 /* BoxCollisionRect.cpp */,
				F17BBBE71E64965800A7F8F4 /* CollisionRect.cpp */,
				F17BBBE81E64965800A7F8F4 /* PixelCollisionRect.cpp */,
			);
			path = rects;
			sourceTree = "<group>";
		};
		F17BBBF81E6496DB00A7F8F4 /* rects */ = {
			isa = PBXGroup;
			children = (
				F17BBBF91E6496DB00A7F8F4 /* BoxCollisionRect.hpp */,
				F17BBBFA1E6496DB00A7F8F4 /* CollisionRect.hpp */,
				F17BBBFB1E6496DB00A7F8F4 /* PixelCollisionRect.hpp */,
			);
			path = rects;
			sourceTree = "<group>";
		};
		F17D97C81E6DCDAB003F4D85 /* Frameworks */ = {
			isa = PBXGroup;
			children = (
				F17D97C91E6DCDAB003F4D85 /* libGameLibrary.a */,
			);
			name = Frameworks;
			sourceTree = "<group>";
		};
		F1A7DF471E893E2F00472DB2 /* draw */ = {
			isa = PBXGroup;
			children = (
				F1A7DF481E893E2F00472DB2 /* AnimationAssetManager.cpp */,
				F1A7DF491E893E2F00472DB2 /* AnimationData.cpp */,
				F17A3A701E97C43A00D07EBE /* AnimationMetaPoint.cpp */,
				F18196371E8ADADC009BD55F /* DrawManager.cpp */,
				F1A7DF4A1E893E2F00472DB2 /* Sprite.cpp */,
			);
			path = draw;
			sourceTree = "<group>";
		};
		F1A7DF501E893E5400472DB2 /* draw */ = {
			isa = PBXGroup;
			children = (
				F1A7DF511E893E5400472DB2 /* AnimationAssetManager.hpp */,
				F1A7DF521E893E5400472DB2 /* AnimationData.hpp */,
				F17A3A721E97C45100D07EBE /* AnimationMetaPoint.hpp */,
				F1A7DF531E893E5400472DB2 /* Drawable.hpp */,
				F18196361E8ADAC9009BD55F /* DrawManager.hpp */,
				F1A7DF541E893E5400472DB2 /* Sprite.hpp */,
			);
			path = draw;
			sourceTree = "<group>";
		};
		F1BA75C51E92845700647E41 /* controls */ = {
			isa = PBXGroup;
			children = (
				F1BA75C61E92845700647E41 /* CharacterController.cpp */,
				F16539A91E94069700F11ACB /* KeyboardCharacterController.cpp */,
			);
			path = controls;
			sourceTree = "<group>";
		};
		F1BA75CC1E92848D00647E41 /* controls */ = {
			isa = PBXGroup;
			children = (
				F1BA75CD1E92848D00647E41 /* CharacterController.hpp */,
				F16539A81E94068400F11ACB /* KeyboardCharacterController.hpp */,
			);
			path = controls;
			sourceTree = "<group>";
		};
/* End PBXGroup section */

/* Begin PBXHeadersBuildPhase section */
		F15A1F8E1E549F5E008D83E5 /* Headers */ = {
			isa = PBXHeadersBuildPhase;
			buildActionMask = 2147483647;
			files = (
				A0E135FA1F05DDD700023E22 /* ContactEvent.hpp in Headers */,
				F17D96CD1E6DB50B003F4D85 /* Action.hpp in Headers */,
				A0E135EA1F05DAF400023E22 /* StageSection.hpp in Headers */,
				A0E135E91F05DAF400023E22 /* StageController.hpp in Headers */,
				F17D96D01E6DB51B003F4D85 /* ActionEntity.hpp in Headers */,
				F17A3A871E97CD2500D07EBE /* Platform.hpp in Headers */,
			);
			runOnlyForDeploymentPostprocessing = 0;
		};
/* End PBXHeadersBuildPhase section */

/* Begin PBXNativeTarget section */
		F15A1F8F1E549F5E008D83E5 /* FightLib */ = {
			isa = PBXNativeTarget;
			buildConfigurationList = F15A1F941E549F5F008D83E5 /* Build configuration list for PBXNativeTarget "FightLib" */;
			buildPhases = (
				F15A1F8C1E549F5E008D83E5 /* Sources */,
				F15A1F8D1E549F5E008D83E5 /* Frameworks */,
				F15A1F8E1E549F5E008D83E5 /* Headers */,
			);
			buildRules = (
			);
			dependencies = (
			);
			name = FightLib;
			productName = FightLib;
			productReference = F15A1F901E549F5E008D83E5 /* libFightLib.a */;
			productType = "com.apple.product-type.library.static";
		};
/* End PBXNativeTarget section */

/* Begin PBXProject section */
		F15A1F881E549F5E008D83E5 /* Project object */ = {
			isa = PBXProject;
			attributes = {
				LastUpgradeCheck = 0820;
				ORGANIZATIONNAME = "Luis Finke";
				TargetAttributes = {
					F15A1F8F1E549F5E008D83E5 = {
						CreatedOnToolsVersion = 8.2.1;
						ProvisioningStyle = Automatic;
					};
				};
			};
			buildConfigurationList = F15A1F8B1E549F5E008D83E5 /* Build configuration list for PBXProject "FightLib" */;
			compatibilityVersion = "Xcode 3.2";
			developmentRegion = English;
			hasScannedForEncodings = 0;
			knownRegions = (
				en,
			);
			mainGroup = F15A1F871E549F5E008D83E5;
			productRefGroup = F15A1F911E549F5E008D83E5 /* Products */;
			projectDirPath = "";
			projectRoot = "";
			targets = (
				F15A1F8F1E549F5E008D83E5 /* FightLib */,
			);
		};
/* End PBXProject section */

/* Begin PBXSourcesBuildPhase section */
		F15A1F8C1E549F5E008D83E5 /* Sources */ = {
			isa = PBXSourcesBuildPhase;
			buildActionMask = 2147483647;
			files = (
				F15F25021E8EA8A7005EE4F1 /* Collidable.cpp in Sources */,
				F164D2DB1E8C164F00B11F7F /* ActionInterruptEvent.cpp in Sources */,
				F17BBBE91E64965800A7F8F4 /* BoxCollisionRect.cpp in Sources */,
				F15BDFC11E9547E500B92754 /* Fight.cpp in Sources */,
				F17D96D31E6DB531003F4D85 /* Action.cpp in Sources */,
				F1A7DF4D1E893E2F00472DB2 /* Sprite.cpp in Sources */,
				F18196251E8ABAB7009BD55F /* CollisionRectManager.cpp in Sources */,
				F16CDDA81E9E9A1500E4DB26 /* HitboxInfo.cpp in Sources */,
				F17BBBEF1E64965E00A7F8F4 /* CollisionPair.cpp in Sources */,
				F1A7DF4B1E893E2F00472DB2 /* AnimationAssetManager.cpp in Sources */,
				F17A3A891E97CD3500D07EBE /* Platform.cpp in Sources */,
				A0E135F61F05DD4200023E22 /* FollowerCamera.cpp in Sources */,
				F14EE0391EA51C260055AC89 /* AttackAction.cpp in Sources */,
				F17A3A711E97C43A00D07EBE /* AnimationMetaPoint.cpp in Sources */,
				F15F24F31E8E9550005EE4F1 /* Stage.cpp in Sources */,
				F18196381E8ADADC009BD55F /* DrawManager.cpp in Sources */,
				F17F94801EA1135B00D9CACB /* HitboxCollisionPair.cpp in Sources */,
				A0E135ED1F05DB0900023E22 /* StageController.cpp in Sources */,
				F16D60851E9FF91C007E7740 /* HitboxCollisionManager.cpp in Sources */,
				F16D60521E9FCF61007E7740 /* HitboxClashEvent.cpp in Sources */,
				F16971CB1EA4EEC4007E1893 /* HitboxClash.cpp in Sources */,
				F15A1FB51E549FAE008D83E5 /* Entity.cpp in Sources */,
				F17BBBEA1E64965800A7F8F4 /* CollisionRect.cpp in Sources */,
				F17BBBEE1E64965E00A7F8F4 /* CollisionManager.cpp in Sources */,
				F1BA75CB1E92847300647E41 /* Item.cpp in Sources */,
				F16971C91EA4EEB6007E1893 /* Event.cpp in Sources */,
				F16D606F1E9FE8A3007E7740 /* HitboxCollisionEvent.cpp in Sources */,
				F17BBBEB1E64965800A7F8F4 /* PixelCollisionRect.cpp in Sources */,
				F16D60611E9FD5BF007E7740 /* CollisionEvent.cpp in Sources */,
				F17D96D71E6DB53B003F4D85 /* ActionEntity.cpp in Sources */,
				F1BA75C91E92846400647E41 /* FightParams.cpp in Sources */,
				F1BA75C71E92845700647E41 /* CharacterController.cpp in Sources */,
				F16539AA1E94069700F11ACB /* KeyboardCharacterController.cpp in Sources */,
				A0E135F51F05DD3F00023E22 /* Camera.cpp in Sources */,
				F17F947E1EA1135600D9CACB /* HitboxClashPair.cpp in Sources */,
				A0E135EE1F05DB0900023E22 /* StageSection.cpp in Sources */,
				F17D96D81E6DB53B003F4D85 /* Character.cpp in Sources */,
				F16971CD1EA4EEC8007E1893 /* HitboxCollision.cpp in Sources */,
				F1A7DF4C1E893E2F00472DB2 /* AnimationData.cpp in Sources */,
				A0E135F81F05DDA500023E22 /* ContactEvent.cpp in Sources */,
			);
			runOnlyForDeploymentPostprocessing = 0;
		};
/* End PBXSourcesBuildPhase section */

/* Begin XCBuildConfiguration section */
		F15A1F921E549F5F008D83E5 /* Debug */ = {
			isa = XCBuildConfiguration;
			buildSettings = {
				ALWAYS_SEARCH_USER_PATHS = NO;
				CLANG_ANALYZER_NONNULL = YES;
				CLANG_CXX_LANGUAGE_STANDARD = "gnu++0x";
				CLANG_CXX_LIBRARY = "libc++";
				CLANG_ENABLE_MODULES = YES;
				CLANG_ENABLE_OBJC_ARC = YES;
				CLANG_WARN_BOOL_CONVERSION = YES;
				CLANG_WARN_CONSTANT_CONVERSION = YES;
				CLANG_WARN_DIRECT_OBJC_ISA_USAGE = YES_ERROR;
				CLANG_WARN_DOCUMENTATION_COMMENTS = YES;
				CLANG_WARN_EMPTY_BODY = YES;
				CLANG_WARN_ENUM_CONVERSION = YES;
				CLANG_WARN_INFINITE_RECURSION = YES;
				CLANG_WARN_INT_CONVERSION = YES;
				CLANG_WARN_OBJC_ROOT_CLASS = YES_ERROR;
				CLANG_WARN_SUSPICIOUS_MOVE = YES;
				CLANG_WARN_UNREACHABLE_CODE = YES;
				CLANG_WARN__DUPLICATE_METHOD_MATCH = YES;
				CODE_SIGN_IDENTITY = "-";
				COPY_PHASE_STRIP = NO;
				DEBUG_INFORMATION_FORMAT = dwarf;
				ENABLE_STRICT_OBJC_MSGSEND = YES;
				ENABLE_TESTABILITY = YES;
				GCC_C_LANGUAGE_STANDARD = gnu99;
				GCC_DYNAMIC_NO_PIC = NO;
				GCC_NO_COMMON_BLOCKS = YES;
				GCC_OPTIMIZATION_LEVEL = 0;
				GCC_PREPROCESSOR_DEFINITIONS = (
					"DEBUG=1",
					"$(inherited)",
				);
				GCC_WARN_64_TO_32_BIT_CONVERSION = YES;
				GCC_WARN_ABOUT_RETURN_TYPE = YES_ERROR;
				GCC_WARN_UNDECLARED_SELECTOR = YES;
				GCC_WARN_UNINITIALIZED_AUTOS = YES_AGGRESSIVE;
				GCC_WARN_UNUSED_FUNCTION = YES;
				GCC_WARN_UNUSED_VARIABLE = YES;
				MACOSX_DEPLOYMENT_TARGET = 10.12;
				MTL_ENABLE_DEBUG_INFO = YES;
				ONLY_ACTIVE_ARCH = YES;
				SDKROOT = macosx;
			};
			name = Debug;
		};
		F15A1F931E549F5F008D83E5 /* Release */ = {
			isa = XCBuildConfiguration;
			buildSettings = {
				ALWAYS_SEARCH_USER_PATHS = NO;
				CLANG_ANALYZER_NONNULL = YES;
				CLANG_CXX_LANGUAGE_STANDARD = "gnu++0x";
				CLANG_CXX_LIBRARY = "libc++";
				CLANG_ENABLE_MODULES = YES;
				CLANG_ENABLE_OBJC_ARC = YES;
				CLANG_WARN_BOOL_CONVERSION = YES;
				CLANG_WARN_CONSTANT_CONVERSION = YES;
				CLANG_WARN_DIRECT_OBJC_ISA_USAGE = YES_ERROR;
				CLANG_WARN_DOCUMENTATION_COMMENTS = YES;
				CLANG_WARN_EMPTY_BODY = YES;
				CLANG_WARN_ENUM_CONVERSION = YES;
				CLANG_WARN_INFINITE_RECURSION = YES;
				CLANG_WARN_INT_CONVERSION = YES;
				CLANG_WARN_OBJC_ROOT_CLASS = YES_ERROR;
				CLANG_WARN_SUSPICIOUS_MOVE = YES;
				CLANG_WARN_UNREACHABLE_CODE = YES;
				CLANG_WARN__DUPLICATE_METHOD_MATCH = YES;
				CODE_SIGN_IDENTITY = "-";
				COPY_PHASE_STRIP = NO;
				DEBUG_INFORMATION_FORMAT = "dwarf-with-dsym";
				ENABLE_NS_ASSERTIONS = NO;
				ENABLE_STRICT_OBJC_MSGSEND = YES;
				GCC_C_LANGUAGE_STANDARD = gnu99;
				GCC_NO_COMMON_BLOCKS = YES;
				GCC_WARN_64_TO_32_BIT_CONVERSION = YES;
				GCC_WARN_ABOUT_RETURN_TYPE = YES_ERROR;
				GCC_WARN_UNDECLARED_SELECTOR = YES;
				GCC_WARN_UNINITIALIZED_AUTOS = YES_AGGRESSIVE;
				GCC_WARN_UNUSED_FUNCTION = YES;
				GCC_WARN_UNUSED_VARIABLE = YES;
				MACOSX_DEPLOYMENT_TARGET = 10.12;
				MTL_ENABLE_DEBUG_INFO = NO;
				SDKROOT = macosx;
			};
			name = Release;
		};
		F15A1F951E549F5F008D83E5 /* Debug */ = {
			isa = XCBuildConfiguration;
			buildSettings = {
				EXECUTABLE_PREFIX = lib;
				HEADER_SEARCH_PATHS = (
					../../include,
					../../external/GameLibrary/include,
				);
				PRODUCT_NAME = "$(TARGET_NAME)";
			};
			name = Debug;
		};
		F15A1F961E549F5F008D83E5 /* Release */ = {
			isa = XCBuildConfiguration;
			buildSettings = {
				EXECUTABLE_PREFIX = lib;
				HEADER_SEARCH_PATHS = (
					../../include,
					../../external/GameLibrary/include,
				);
				PRODUCT_NAME = "$(TARGET_NAME)";
			};
			name = Release;
		};
/* End XCBuildConfiguration section */

/* Begin XCConfigurationList section */
		F15A1F8B1E549F5E008D83E5 /* Build configuration list for PBXProject "FightLib" */ = {
			isa = XCConfigurationList;
			buildConfigurations = (
				F15A1F921E549F5F008D83E5 /* Debug */,
				F15A1F931E549F5F008D83E5 /* Release */,
			);
			defaultConfigurationIsVisible = 0;
			defaultConfigurationName = Release;
		};
		F15A1F941E549F5F008D83E5 /* Build configuration list for PBXNativeTarget "FightLib" */ = {
			isa = XCConfigurationList;
			buildConfigurations = (
				F15A1F951E549F5F008D83E5 /* Debug */,
				F15A1F961E549F5F008D83E5 /* Release */,
			);
			defaultConfigurationIsVisible = 0;
			defaultConfigurationName = Release;
		};
/* End XCConfigurationList section */
	};
	rootObject = F15A1F881E549F5E008D83E5 /* Project object */;
}
