// !$*UTF8*$!
{
	archiveVersion = 1;
	classes = {
	};
	objectVersion = 46;
	objects = {

/* Begin PBXBuildFile section */
		F1209E081E68BDB900E1BF4F /* Fight.cpp in Sources */ = {isa = PBXBuildFile; fileRef = F1209E071E68BDB900E1BF4F /* Fight.cpp */; };
		F17BBC071E64978E00A7F8F4 /* CollisionManager.cpp in Sources */ = {isa = PBXBuildFile; fileRef = F17BBC051E64978E00A7F8F4 /* CollisionManager.cpp */; };
		F17BBC081E64978E00A7F8F4 /* CollisionPair.cpp in Sources */ = {isa = PBXBuildFile; fileRef = F17BBC061E64978E00A7F8F4 /* CollisionPair.cpp */; };
		F17BBC0D1E64979700A7F8F4 /* BoxCollisionRect.cpp in Sources */ = {isa = PBXBuildFile; fileRef = F17BBC0A1E64979700A7F8F4 /* BoxCollisionRect.cpp */; };
		F17BBC0E1E64979700A7F8F4 /* CollisionRect.cpp in Sources */ = {isa = PBXBuildFile; fileRef = F17BBC0B1E64979700A7F8F4 /* CollisionRect.cpp */; };
		F17BBC0F1E64979700A7F8F4 /* PixelCollisionRect.cpp in Sources */ = {isa = PBXBuildFile; fileRef = F17BBC0C1E64979700A7F8F4 /* PixelCollisionRect.cpp */; };
		F19AB0A31E52471A00855347 /* Entity.cpp in Sources */ = {isa = PBXBuildFile; fileRef = F19AB0A01E52470600855347 /* Entity.cpp */; };
		F19AB0A71E52472400855347 /* AnimationData.cpp in Sources */ = {isa = PBXBuildFile; fileRef = F19AB09B1E52470600855347 /* AnimationData.cpp */; };
/* End PBXBuildFile section */

/* Begin PBXCopyFilesBuildPhase section */
		F19AB08A1E52469200855347 /* CopyFiles */ = {
			isa = PBXCopyFilesBuildPhase;
			buildActionMask = 2147483647;
			dstPath = "include/$(PRODUCT_NAME)";
			dstSubfolderSpec = 16;
			files = (
			);
			runOnlyForDeploymentPostprocessing = 0;
		};
/* End PBXCopyFilesBuildPhase section */

/* Begin PBXFileReference section */
		F1209E051E68BDA600E1BF4F /* Fight.hpp */ = {isa = PBXFileReference; lastKnownFileType = sourcecode.cpp.h; path = Fight.hpp; sourceTree = "<group>"; };
		F1209E071E68BDB900E1BF4F /* Fight.cpp */ = {isa = PBXFileReference; fileEncoding = 4; lastKnownFileType = sourcecode.cpp.cpp; path = Fight.cpp; sourceTree = "<group>"; };
		F17BBC051E64978E00A7F8F4 /* CollisionManager.cpp */ = {isa = PBXFileReference; fileEncoding = 4; lastKnownFileType = sourcecode.cpp.cpp; path = CollisionManager.cpp; sourceTree = "<group>"; };
		F17BBC061E64978E00A7F8F4 /* CollisionPair.cpp */ = {isa = PBXFileReference; fileEncoding = 4; lastKnownFileType = sourcecode.cpp.cpp; path = CollisionPair.cpp; sourceTree = "<group>"; };
		F17BBC0A1E64979700A7F8F4 /* BoxCollisionRect.cpp */ = {isa = PBXFileReference; fileEncoding = 4; lastKnownFileType = sourcecode.cpp.cpp; path = BoxCollisionRect.cpp; sourceTree = "<group>"; };
		F17BBC0B1E64979700A7F8F4 /* CollisionRect.cpp */ = {isa = PBXFileReference; fileEncoding = 4; lastKnownFileType = sourcecode.cpp.cpp; path = CollisionRect.cpp; sourceTree = "<group>"; };
		F17BBC0C1E64979700A7F8F4 /* PixelCollisionRect.cpp */ = {isa = PBXFileReference; fileEncoding = 4; lastKnownFileType = sourcecode.cpp.cpp; path = PixelCollisionRect.cpp; sourceTree = "<group>"; };
		F17BBC101E6497BA00A7F8F4 /* fightlib.hpp */ = {isa = PBXFileReference; lastKnownFileType = sourcecode.cpp.h; path = fightlib.hpp; sourceTree = "<group>"; };
		F17BBC111E6497CB00A7F8F4 /* Character.hpp */ = {isa = PBXFileReference; lastKnownFileType = sourcecode.cpp.h; path = Character.hpp; sourceTree = "<group>"; };
		F17BBC121E6497CB00A7F8F4 /* Entity.hpp */ = {isa = PBXFileReference; lastKnownFileType = sourcecode.cpp.h; path = Entity.hpp; sourceTree = "<group>"; };
		F17BBC131E6497CB00A7F8F4 /* Item.hpp */ = {isa = PBXFileReference; lastKnownFileType = sourcecode.cpp.h; path = Item.hpp; sourceTree = "<group>"; };
		F17BBC141E6497CB00A7F8F4 /* Platform.hpp */ = {isa = PBXFileReference; lastKnownFileType = sourcecode.cpp.h; path = Platform.hpp; sourceTree = "<group>"; };
		F17BBC151E6497DB00A7F8F4 /* CollisionManager.hpp */ = {isa = PBXFileReference; lastKnownFileType = sourcecode.cpp.h; path = CollisionManager.hpp; sourceTree = "<group>"; };
		F17BBC161E6497DB00A7F8F4 /* CollisionPair.hpp */ = {isa = PBXFileReference; lastKnownFileType = sourcecode.cpp.h; path = CollisionPair.hpp; sourceTree = "<group>"; };
		F17BBC181E6497E200A7F8F4 /* BoxCollisionRect.hpp */ = {isa = PBXFileReference; lastKnownFileType = sourcecode.cpp.h; path = BoxCollisionRect.hpp; sourceTree = "<group>"; };
		F17BBC191E6497E200A7F8F4 /* CollisionRect.hpp */ = {isa = PBXFileReference; lastKnownFileType = sourcecode.cpp.h; path = CollisionRect.hpp; sourceTree = "<group>"; };
		F17BBC1A1E6497E200A7F8F4 /* PixelCollisionRect.hpp */ = {isa = PBXFileReference; lastKnownFileType = sourcecode.cpp.h; path = PixelCollisionRect.hpp; sourceTree = "<group>"; };
		F17BBC1B1E6497F600A7F8F4 /* AnimationData.hpp */ = {isa = PBXFileReference; lastKnownFileType = sourcecode.cpp.h; path = AnimationData.hpp; sourceTree = "<group>"; };
		F19AB08C1E52469200855347 /* libFightLib.a */ = {isa = PBXFileReference; explicitFileType = archive.ar; includeInIndex = 0; path = libFightLib.a; sourceTree = BUILT_PRODUCTS_DIR; };
		F19AB09B1E52470600855347 /* AnimationData.cpp */ = {isa = PBXFileReference; lastKnownFileType = sourcecode.cpp.cpp; path = AnimationData.cpp; sourceTree = "<group>"; };
		F19AB0A01E52470600855347 /* Entity.cpp */ = {isa = PBXFileReference; lastKnownFileType = sourcecode.cpp.cpp; path = Entity.cpp; sourceTree = "<group>"; };
/* End PBXFileReference section */

/* Begin PBXFrameworksBuildPhase section */
		F19AB0891E52469200855347 /* Frameworks */ = {
			isa = PBXFrameworksBuildPhase;
			buildActionMask = 2147483647;
			files = (
			);
			runOnlyForDeploymentPostprocessing = 0;
		};
/* End PBXFrameworksBuildPhase section */

/* Begin PBXGroup section */
		F1209E061E68BDB900E1BF4F /* game */ = {
			isa = PBXGroup;
			children = (
				F1209E071E68BDB900E1BF4F /* Fight.cpp */,
			);
			path = game;
			sourceTree = "<group>";
		};
		F17BBC091E64979700A7F8F4 /* rects */ = {
			isa = PBXGroup;
			children = (
				F17BBC0A1E64979700A7F8F4 /* BoxCollisionRect.cpp */,
				F17BBC0B1E64979700A7F8F4 /* CollisionRect.cpp */,
				F17BBC0C1E64979700A7F8F4 /* PixelCollisionRect.cpp */,
			);
			path = rects;
			sourceTree = "<group>";
		};
		F17BBC171E6497E200A7F8F4 /* rects */ = {
			isa = PBXGroup;
			children = (
				F17BBC181E6497E200A7F8F4 /* BoxCollisionRect.hpp */,
				F17BBC191E6497E200A7F8F4 /* CollisionRect.hpp */,
				F17BBC1A1E6497E200A7F8F4 /* PixelCollisionRect.hpp */,
			);
			path = rects;
			sourceTree = "<group>";
		};
		F19AB0831E52469200855347 = {
			isa = PBXGroup;
			children = (
				F19AB0A81E52473400855347 /* include */,
				F19AB0981E52470600855347 /* src */,
				F19AB08D1E52469200855347 /* Products */,
			);
			sourceTree = "<group>";
		};
		F19AB08D1E52469200855347 /* Products */ = {
			isa = PBXGroup;
			children = (
				F19AB08C1E52469200855347 /* libFightLib.a */,
			);
			name = Products;
			sourceTree = "<group>";
		};
		F19AB0981E52470600855347 /* src */ = {
			isa = PBXGroup;
			children = (
				F19AB0991E52470600855347 /* entity */,
				F1209E061E68BDB900E1BF4F /* game */,
			);
			name = src;
			path = ../../src;
			sourceTree = "<group>";
		};
		F19AB0991E52470600855347 /* entity */ = {
			isa = PBXGroup;
			children = (
				F19AB09A1E52470600855347 /* action */,
				F19AB09C1E52470600855347 /* collision */,
				F19AB0A01E52470600855347 /* Entity.cpp */,
			);
			path = entity;
			sourceTree = "<group>";
		};
		F19AB09A1E52470600855347 /* action */ = {
			isa = PBXGroup;
			children = (
				F19AB09B1E52470600855347 /* AnimationData.cpp */,
			);
			path = action;
			sourceTree = "<group>";
		};
		F19AB09C1E52470600855347 /* collision */ = {
			isa = PBXGroup;
			children = (
				F17BBC091E64979700A7F8F4 /* rects */,
				F17BBC051E64978E00A7F8F4 /* CollisionManager.cpp */,
				F17BBC061E64978E00A7F8F4 /* CollisionPair.cpp */,
			);
			path = collision;
			sourceTree = "<group>";
		};
		F19AB0A81E52473400855347 /* include */ = {
			isa = PBXGroup;
			children = (
				F19AB0A91E52473400855347 /* fightlib */,
			);
			name = include;
			path = ../../include;
			sourceTree = "<group>";
		};
		F19AB0A91E52473400855347 /* fightlib */ = {
			isa = PBXGroup;
			children = (
				F19AB0AA1E52473400855347 /* entity */,
				F19AB0B61E52473400855347 /* game */,
				F17BBC101E6497BA00A7F8F4 /* fightlib.hpp */,
			);
			path = fightlib;
			sourceTree = "<group>";
		};
		F19AB0AA1E52473400855347 /* entity */ = {
			isa = PBXGroup;
			children = (
				F19AB0AB1E52473400855347 /* action */,
				F19AB0AE1E52473400855347 /* collision */,
				F17BBC111E6497CB00A7F8F4 /* Character.hpp */,
				F17BBC121E6497CB00A7F8F4 /* Entity.hpp */,
				F17BBC131E6497CB00A7F8F4 /* Item.hpp */,
				F17BBC141E6497CB00A7F8F4 /* Platform.hpp */,
			);
			path = entity;
			sourceTree = "<group>";
		};
		F19AB0AB1E52473400855347 /* action */ = {
			isa = PBXGroup;
			children = (
				F17BBC1B1E6497F600A7F8F4 /* AnimationData.hpp */,
			);
			path = action;
			sourceTree = "<group>";
		};
		F19AB0AE1E52473400855347 /* collision */ = {
			isa = PBXGroup;
			children = (
				F17BBC171E6497E200A7F8F4 /* rects */,
				F17BBC151E6497DB00A7F8F4 /* CollisionManager.hpp */,
				F17BBC161E6497DB00A7F8F4 /* CollisionPair.hpp */,
			);
			path = collision;
			sourceTree = "<group>";
		};
		F19AB0B61E52473400855347 /* game */ = {
			isa = PBXGroup;
			children = (
				F1209E051E68BDA600E1BF4F /* Fight.hpp */,
			);
			path = game;
			sourceTree = "<group>";
		};
/* End PBXGroup section */

/* Begin PBXNativeTarget section */
		F19AB08B1E52469200855347 /* FightLib */ = {
			isa = PBXNativeTarget;
			buildConfigurationList = F19AB0951E52469200855347 /* Build configuration list for PBXNativeTarget "FightLib" */;
			buildPhases = (
				F19AB0881E52469200855347 /* Sources */,
				F19AB0891E52469200855347 /* Frameworks */,
				F19AB08A1E52469200855347 /* CopyFiles */,
			);
			buildRules = (
			);
			dependencies = (
			);
			name = FightLib;
			productName = FightLib;
			productReference = F19AB08C1E52469200855347 /* libFightLib.a */;
			productType = "com.apple.product-type.library.static";
		};
/* End PBXNativeTarget section */

/* Begin PBXProject section */
		F19AB0841E52469200855347 /* Project object */ = {
			isa = PBXProject;
			attributes = {
				LastUpgradeCheck = 0820;
				ORGANIZATIONNAME = "Luis Finke";
				TargetAttributes = {
					F19AB08B1E52469200855347 = {
						CreatedOnToolsVersion = 8.2.1;
						ProvisioningStyle = Automatic;
					};
				};
			};
			buildConfigurationList = F19AB0871E52469200855347 /* Build configuration list for PBXProject "FightLib" */;
			compatibilityVersion = "Xcode 3.2";
			developmentRegion = English;
			hasScannedForEncodings = 0;
			knownRegions = (
				en,
			);
			mainGroup = F19AB0831E52469200855347;
			productRefGroup = F19AB08D1E52469200855347 /* Products */;
			projectDirPath = "";
			projectRoot = "";
			targets = (
				F19AB08B1E52469200855347 /* FightLib */,
			);
		};
/* End PBXProject section */

/* Begin PBXSourcesBuildPhase section */
		F19AB0881E52469200855347 /* Sources */ = {
			isa = PBXSourcesBuildPhase;
			buildActionMask = 2147483647;
			files = (
				F17BBC071E64978E00A7F8F4 /* CollisionManager.cpp in Sources */,
				F19AB0A31E52471A00855347 /* Entity.cpp in Sources */,
				F19AB0A71E52472400855347 /* AnimationData.cpp in Sources */,
				F17BBC0F1E64979700A7F8F4 /* PixelCollisionRect.cpp in Sources */,
				F1209E081E68BDB900E1BF4F /* Fight.cpp in Sources */,
				F17BBC081E64978E00A7F8F4 /* CollisionPair.cpp in Sources */,
				F17BBC0E1E64979700A7F8F4 /* CollisionRect.cpp in Sources */,
				F17BBC0D1E64979700A7F8F4 /* BoxCollisionRect.cpp in Sources */,
			);
			runOnlyForDeploymentPostprocessing = 0;
		};
/* End PBXSourcesBuildPhase section */

/* Begin XCBuildConfiguration section */
		F19AB0931E52469200855347 /* Debug */ = {
			isa = XCBuildConfiguration;
			buildSettings = {
				ALWAYS_SEARCH_USER_PATHS = NO;
				CLANG_ANALYZER_NONNULL = YES;
				CLANG_CXX_LANGUAGE_STANDARD = "gnu++0x";
				CLANG_CXX_LIBRARY = "libc++";
				CLANG_ENABLE_MODULES = YES;
				CLANG_ENABLE_OBJC_ARC = YES;
				CLANG_WARN_BOOL_CONVERSION = YES;
				CLANG_WARN_CONSTANT_CONVERSION = YES;
				CLANG_WARN_DIRECT_OBJC_ISA_USAGE = YES_ERROR;
				CLANG_WARN_DOCUMENTATION_COMMENTS = YES;
				CLANG_WARN_EMPTY_BODY = YES;
				CLANG_WARN_ENUM_CONVERSION = YES;
				CLANG_WARN_INFINITE_RECURSION = YES;
				CLANG_WARN_INT_CONVERSION = YES;
				CLANG_WARN_OBJC_ROOT_CLASS = YES_ERROR;
				CLANG_WARN_SUSPICIOUS_MOVE = YES;
				CLANG_WARN_UNREACHABLE_CODE = YES;
				CLANG_WARN__DUPLICATE_METHOD_MATCH = YES;
				"CODE_SIGN_IDENTITY[sdk=iphoneos*]" = "iPhone Developer";
				COPY_PHASE_STRIP = NO;
				DEBUG_INFORMATION_FORMAT = dwarf;
				ENABLE_STRICT_OBJC_MSGSEND = YES;
				ENABLE_TESTABILITY = YES;
				GCC_C_LANGUAGE_STANDARD = gnu99;
				GCC_DYNAMIC_NO_PIC = NO;
				GCC_NO_COMMON_BLOCKS = YES;
				GCC_OPTIMIZATION_LEVEL = 0;
				GCC_PREPROCESSOR_DEFINITIONS = (
					"DEBUG=1",
					"$(inherited)",
				);
				GCC_WARN_64_TO_32_BIT_CONVERSION = YES;
				GCC_WARN_ABOUT_RETURN_TYPE = YES_ERROR;
				GCC_WARN_UNDECLARED_SELECTOR = YES;
				GCC_WARN_UNINITIALIZED_AUTOS = YES_AGGRESSIVE;
				GCC_WARN_UNUSED_FUNCTION = YES;
				GCC_WARN_UNUSED_VARIABLE = YES;
				IPHONEOS_DEPLOYMENT_TARGET = 10.2;
				MTL_ENABLE_DEBUG_INFO = YES;
				ONLY_ACTIVE_ARCH = YES;
				SDKROOT = iphoneos;
			};
			name = Debug;
		};
		F19AB0941E52469200855347 /* Release */ = {
			isa = XCBuildConfiguration;
			buildSettings = {
				ALWAYS_SEARCH_USER_PATHS = NO;
				CLANG_ANALYZER_NONNULL = YES;
				CLANG_CXX_LANGUAGE_STANDARD = "gnu++0x";
				CLANG_CXX_LIBRARY = "libc++";
				CLANG_ENABLE_MODULES = YES;
				CLANG_ENABLE_OBJC_ARC = YES;
				CLANG_WARN_BOOL_CONVERSION = YES;
				CLANG_WARN_CONSTANT_CONVERSION = YES;
				CLANG_WARN_DIRECT_OBJC_ISA_USAGE = YES_ERROR;
				CLANG_WARN_DOCUMENTATION_COMMENTS = YES;
				CLANG_WARN_EMPTY_BODY = YES;
				CLANG_WARN_ENUM_CONVERSION = YES;
				CLANG_WARN_INFINITE_RECURSION = YES;
				CLANG_WARN_INT_CONVERSION = YES;
				CLANG_WARN_OBJC_ROOT_CLASS = YES_ERROR;
				CLANG_WARN_SUSPICIOUS_MOVE = YES;
				CLANG_WARN_UNREACHABLE_CODE = YES;
				CLANG_WARN__DUPLICATE_METHOD_MATCH = YES;
				"CODE_SIGN_IDENTITY[sdk=iphoneos*]" = "iPhone Developer";
				COPY_PHASE_STRIP = NO;
				DEBUG_INFORMATION_FORMAT = "dwarf-with-dsym";
				ENABLE_NS_ASSERTIONS = NO;
				ENABLE_STRICT_OBJC_MSGSEND = YES;
				GCC_C_LANGUAGE_STANDARD = gnu99;
				GCC_NO_COMMON_BLOCKS = YES;
				GCC_WARN_64_TO_32_BIT_CONVERSION = YES;
				GCC_WARN_ABOUT_RETURN_TYPE = YES_ERROR;
				GCC_WARN_UNDECLARED_SELECTOR = YES;
				GCC_WARN_UNINITIALIZED_AUTOS = YES_AGGRESSIVE;
				GCC_WARN_UNUSED_FUNCTION = YES;
				GCC_WARN_UNUSED_VARIABLE = YES;
				IPHONEOS_DEPLOYMENT_TARGET = 10.2;
				MTL_ENABLE_DEBUG_INFO = NO;
				SDKROOT = iphoneos;
				VALIDATE_PRODUCT = YES;
			};
			name = Release;
		};
		F19AB0961E52469200855347 /* Debug */ = {
			isa = XCBuildConfiguration;
			buildSettings = {
				HEADER_SEARCH_PATHS = (
					../../include,
					../../external/GameLibrary/include,
				);
				OTHER_LDFLAGS = "-ObjC";
				PRODUCT_NAME = "$(TARGET_NAME)";
				SKIP_INSTALL = YES;
			};
			name = Debug;
		};
		F19AB0971E52469200855347 /* Release */ = {
			isa = XCBuildConfiguration;
			buildSettings = {
				HEADER_SEARCH_PATHS = (
					../../include,
					../../external/GameLibrary/include,
				);
				OTHER_LDFLAGS = "-ObjC";
				PRODUCT_NAME = "$(TARGET_NAME)";
				SKIP_INSTALL = YES;
			};
			name = Release;
		};
/* End XCBuildConfiguration section */

/* Begin XCConfigurationList section */
		F19AB0871E52469200855347 /* Build configuration list for PBXProject "FightLib" */ = {
			isa = XCConfigurationList;
			buildConfigurations = (
				F19AB0931E52469200855347 /* Debug */,
				F19AB0941E52469200855347 /* Release */,
			);
			defaultConfigurationIsVisible = 0;
			defaultConfigurationName = Release;
		};
		F19AB0951E52469200855347 /* Build configuration list for PBXNativeTarget "FightLib" */ = {
			isa = XCConfigurationList;
			buildConfigurations = (
				F19AB0961E52469200855347 /* Debug */,
				F19AB0971E52469200855347 /* Release */,
			);
			defaultConfigurationIsVisible = 0;
			defaultConfigurationName = Release;
		};
/* End XCConfigurationList section */
	};
	rootObject = F19AB0841E52469200855347 /* Project object */;
}
