<?xml version="1.0" encoding="utf-8"?>
<Project ToolsVersion="4.0" xmlns="http://schemas.microsoft.com/developer/msbuild/2003">
  <ItemGroup>
    <Filter Include="src">
      <UniqueIdentifier>{c41d7036-2c88-400f-a236-a5ee12e7a222}</UniqueIdentifier>
    </Filter>
    <Filter Include="include">
      <UniqueIdentifier>{303df32a-92cd-40b6-8cca-2d1728c1a64a}</UniqueIdentifier>
    </Filter>
    <Filter Include="include\fightlib">
      <UniqueIdentifier>{0c6c2847-2985-4e84-9470-d408ee388285}</UniqueIdentifier>
    </Filter>
    <Filter Include="include\fightlib\entity">
      <UniqueIdentifier>{73a976fd-2070-49b1-94d3-8a1339628bde}</UniqueIdentifier>
    </Filter>
    <Filter Include="src\entity">
      <UniqueIdentifier>{91bd6b8b-a0f7-494d-ac12-c563961e8723}</UniqueIdentifier>
    </Filter>
    <Filter Include="include\fightlib\entity\action">
      <UniqueIdentifier>{9f82fac8-777e-41e8-b391-10f8206c2e1d}</UniqueIdentifier>
    </Filter>
    <Filter Include="src\entity\action">
      <UniqueIdentifier>{fc54c9c8-15ba-4a56-a00e-22c7b9c29e1f}</UniqueIdentifier>
    </Filter>
    <Filter Include="include\fightlib\game">
      <UniqueIdentifier>{140ca6d2-eeb9-4e07-baa8-e32232cb5e6d}</UniqueIdentifier>
    </Filter>
    <Filter Include="include\fightlib\entity\collision">
      <UniqueIdentifier>{2ea4db99-59e0-4cd0-81e8-824bd9c5144d}</UniqueIdentifier>
    </Filter>
    <Filter Include="src\entity\collision">
      <UniqueIdentifier>{9eb770c1-3680-4a7c-bb01-6a203c1ae648}</UniqueIdentifier>
    </Filter>
    <Filter Include="include\fightlib\entity\collision\rects">
      <UniqueIdentifier>{5315be7c-4df5-4b9b-8083-28878d407d95}</UniqueIdentifier>
    </Filter>
    <Filter Include="src\entity\collision\rects">
      <UniqueIdentifier>{52fadc34-e2fb-4d24-a357-da33dff971ef}</UniqueIdentifier>
    </Filter>
    <Filter Include="src\game">
      <UniqueIdentifier>{e473c8be-d1bf-48f8-b322-7a96627bcf09}</UniqueIdentifier>
    </Filter>
    <Filter Include="include\fightlib\entity\draw">
      <UniqueIdentifier>{8c594138-83d0-4992-b89b-d38ba729a639}</UniqueIdentifier>
    </Filter>
    <Filter Include="src\entity\draw">
      <UniqueIdentifier>{0a7f8420-e45e-4ef2-977a-d83bd3687e5c}</UniqueIdentifier>
    </Filter>
    <Filter Include="src\stage">
      <UniqueIdentifier>{3cdc69a7-b22f-401b-81d8-825d23cef835}</UniqueIdentifier>
    </Filter>
    <Filter Include="include\fightlib\stage">
      <UniqueIdentifier>{46208e12-147f-42d0-ae36-f3f08f99dd4b}</UniqueIdentifier>
    </Filter>
    <Filter Include="include\fightlib\controls">
      <UniqueIdentifier>{27ca04a9-57cd-4204-be03-323b41ac4c45}</UniqueIdentifier>
    </Filter>
    <Filter Include="src\controls">
      <UniqueIdentifier>{80204d0e-8e97-4c94-a3be-a268e748bc60}</UniqueIdentifier>
    </Filter>
  </ItemGroup>
  <ItemGroup>
    <ClInclude Include="..\..\include\fightlib\entity\collision\rects\BoxCollisionRect.hpp">
      <Filter>include\fightlib\entity\collision\rects</Filter>
    </ClInclude>
    <ClInclude Include="..\..\include\fightlib\entity\collision\rects\CollisionRect.hpp">
      <Filter>include\fightlib\entity\collision\rects</Filter>
    </ClInclude>
    <ClInclude Include="..\..\include\fightlib\entity\collision\rects\PixelCollisionRect.hpp">
      <Filter>include\fightlib\entity\collision\rects</Filter>
    </ClInclude>
    <ClInclude Include="..\..\include\fightlib\entity\Character.hpp">
      <Filter>include\fightlib\entity</Filter>
    </ClInclude>
    <ClInclude Include="..\..\include\fightlib\entity\Entity.hpp">
      <Filter>include\fightlib\entity</Filter>
    </ClInclude>
    <ClInclude Include="..\..\include\fightlib\entity\Item.hpp">
      <Filter>include\fightlib\entity</Filter>
    </ClInclude>
    <ClInclude Include="..\..\include\fightlib\entity\Platform.hpp">
      <Filter>include\fightlib\entity</Filter>
    </ClInclude>
    <ClInclude Include="..\..\include\fightlib\game\Fight.hpp">
      <Filter>include\fightlib\game</Filter>
    </ClInclude>
    <ClInclude Include="..\..\include\fightlib\fightlib.hpp">
      <Filter>include\fightlib</Filter>
    </ClInclude>
    <ClInclude Include="..\..\include\fightlib\entity\collision\CollisionManager.hpp">
      <Filter>include\fightlib\entity\collision</Filter>
    </ClInclude>
    <ClInclude Include="..\..\include\fightlib\entity\collision\CollisionPair.hpp">
      <Filter>include\fightlib\entity\collision</Filter>
    </ClInclude>
    <ClInclude Include="..\..\include\fightlib\entity\action\Action.hpp">
      <Filter>include\fightlib\entity\action</Filter>
    </ClInclude>
    <ClInclude Include="..\..\include\fightlib\entity\ActionEntity.hpp">
      <Filter>include\fightlib\entity</Filter>
    </ClInclude>
    <ClInclude Include="..\..\include\fightlib\entity\draw\Sprite.hpp">
      <Filter>include\fightlib\entity\draw</Filter>
    </ClInclude>
    <ClInclude Include="..\..\include\fightlib\entity\draw\Drawable.hpp">
      <Filter>include\fightlib\entity\draw</Filter>
    </ClInclude>
    <ClInclude Include="..\..\include\fightlib\entity\draw\AnimationAssetManager.hpp">
      <Filter>include\fightlib\entity\draw</Filter>
    </ClInclude>
    <ClInclude Include="..\..\include\fightlib\entity\draw\AnimationData.hpp">
      <Filter>include\fightlib\entity\draw</Filter>
    </ClInclude>
    <ClInclude Include="..\..\include\fightlib\entity\collision\Collidable.hpp">
      <Filter>include\fightlib\entity\collision</Filter>
    </ClInclude>
    <ClInclude Include="..\..\include\fightlib\entity\action\ActionEvent.hpp">
      <Filter>include\fightlib\entity\action</Filter>
    </ClInclude>
    <ClInclude Include="..\..\include\fightlib\entity\action\ActionInterruptEvent.hpp">
      <Filter>include\fightlib\entity\action</Filter>
    </ClInclude>
    <ClInclude Include="..\..\include\fightlib\entity\collision\CollisionRectManager.hpp">
      <Filter>include\fightlib\entity\collision</Filter>
    </ClInclude>
    <ClInclude Include="..\..\include\fightlib\stage\Stage.hpp">
      <Filter>include\fightlib\stage</Filter>
    </ClInclude>
    <ClInclude Include="..\..\include\fightlib\entity\draw\DrawManager.hpp">
      <Filter>include\fightlib\entity\draw</Filter>
    </ClInclude>
    <ClInclude Include="..\..\include\fightlib\controls\CharacterController.hpp">
      <Filter>include\fightlib\controls</Filter>
    </ClInclude>
  </ItemGroup>
  <ItemGroup>
    <ClCompile Include="..\..\src\entity\Entity.cpp">
      <Filter>src\entity</Filter>
    </ClCompile>
    <ClCompile Include="..\..\src\entity\collision\rects\BoxCollisionRect.cpp">
      <Filter>src\entity\collision\rects</Filter>
    </ClCompile>
    <ClCompile Include="..\..\src\entity\collision\rects\CollisionRect.cpp">
      <Filter>src\entity\collision\rects</Filter>
    </ClCompile>
    <ClCompile Include="..\..\src\entity\collision\rects\PixelCollisionRect.cpp">
      <Filter>src\entity\collision\rects</Filter>
    </ClCompile>
    <ClCompile Include="..\..\src\entity\collision\CollisionManager.cpp">
      <Filter>src\entity\collision</Filter>
    </ClCompile>
    <ClCompile Include="..\..\src\entity\collision\CollisionPair.cpp">
      <Filter>src\entity\collision</Filter>
    </ClCompile>
    <ClCompile Include="..\..\src\game\Fight.cpp">
      <Filter>src\game</Filter>
    </ClCompile>
    <ClCompile Include="..\..\src\entity\action\Action.cpp">
      <Filter>src\entity\action</Filter>
    </ClCompile>
    <ClCompile Include="..\..\src\entity\ActionEntity.cpp">
      <Filter>src\entity</Filter>
    </ClCompile>
    <ClCompile Include="..\..\src\entity\Character.cpp">
      <Filter>src\entity</Filter>
    </ClCompile>
    <ClCompile Include="..\..\src\entity\draw\Sprite.cpp">
      <Filter>src\entity\draw</Filter>
    </ClCompile>
    <ClCompile Include="..\..\src\entity\draw\AnimationData.cpp">
      <Filter>src\entity\draw</Filter>
    </ClCompile>
    <ClCompile Include="..\..\src\entity\draw\AnimationAssetManager.cpp">
      <Filter>src\entity\draw</Filter>
    </ClCompile>
    <ClCompile Include="..\..\src\entity\action\ActionEvent.cpp">
      <Filter>src\entity\action</Filter>
    </ClCompile>
    <ClCompile Include="..\..\src\entity\action\ActionInterruptEvent.cpp">
      <Filter>src\entity\action</Filter>
    </ClCompile>
    <ClCompile Include="..\..\src\entity\collision\CollisionRectManager.cpp">
      <Filter>src\entity\collision</Filter>
    </ClCompile>
    <ClCompile Include="..\..\src\entity\draw\DrawManager.cpp">
      <Filter>src\entity\draw</Filter>
    </ClCompile>
    <ClCompile Include="..\..\src\entity\Platform.cpp">
      <Filter>src\entity</Filter>
    </ClCompile>
    <ClCompile Include="..\..\src\stage\Stage.cpp">
      <Filter>src\stage</Filter>
    </ClCompile>
    <ClCompile Include="..\..\src\entity\collision\Collidable.cpp">
      <Filter>src\entity\collision</Filter>
    </ClCompile>
    <ClCompile Include="..\..\src\entity\Item.cpp">
      <Filter>src\entity</Filter>
    </ClCompile>
    <ClCompile Include="..\..\src\controls\CharacterController.cpp">
      <Filter>src\controls</Filter>
    </ClCompile>
  </ItemGroup>
</Project>