// !$*UTF8*$!
{
	archiveVersion = 1;
	classes = {
	};
	objectVersion = 46;
	objects = {

/* Begin PBXBuildFile section */
		F14464E31E672E050088EAA3 /* Player.cpp in Sources */ = {isa = PBXBuildFile; fileRef = F14464E11E672E050088EAA3 /* Player.cpp */; };
		F14464E81E672F110088EAA3 /* FreeType.framework in Frameworks */ = {isa = PBXBuildFile; fileRef = F14464E71E672F110088EAA3 /* FreeType.framework */; };
		F14464E91E672F110088EAA3 /* FreeType.framework in Embed Frameworks */ = {isa = PBXBuildFile; fileRef = F14464E71E672F110088EAA3 /* FreeType.framework */; settings = {ATTRIBUTES = (CodeSignOnCopy, RemoveHeadersOnCopy, ); }; };
		F14464ED1E672F900088EAA3 /* Carbon.framework in Frameworks */ = {isa = PBXBuildFile; fileRef = F14464EC1E672F900088EAA3 /* Carbon.framework */; };
		F14464F11E6730440088EAA3 /* webp.framework in Frameworks */ = {isa = PBXBuildFile; fileRef = F14464F01E6730440088EAA3 /* webp.framework */; };
		F14464F21E6730440088EAA3 /* webp.framework in Embed Frameworks */ = {isa = PBXBuildFile; fileRef = F14464F01E6730440088EAA3 /* webp.framework */; settings = {ATTRIBUTES = (CodeSignOnCopy, RemoveHeadersOnCopy, ); }; };
		F15A1FCA1E54A02F008D83E5 /* Assets.xcassets in Resources */ = {isa = PBXBuildFile; fileRef = F15A1FC91E54A02F008D83E5 /* Assets.xcassets */; };
		F15A1FCD1E54A02F008D83E5 /* MainMenu.xib in Resources */ = {isa = PBXBuildFile; fileRef = F15A1FCB1E54A02F008D83E5 /* MainMenu.xib */; };
		F15A20091E54A873008D83E5 /* libFightLib.a in Frameworks */ = {isa = PBXBuildFile; fileRef = F15A20081E54A873008D83E5 /* libFightLib.a */; };
		F15A20E31E54B07F008D83E5 /* FightGame.cpp in Sources */ = {isa = PBXBuildFile; fileRef = F15A20E01E54B07F008D83E5 /* FightGame.cpp */; };
		F15A20E41E54B07F008D83E5 /* main.cpp in Sources */ = {isa = PBXBuildFile; fileRef = F15A20E21E54B07F008D83E5 /* main.cpp */; };
		F15A20E61E54B08A008D83E5 /* assets in Resources */ = {isa = PBXBuildFile; fileRef = F15A20E51E54B08A008D83E5 /* assets */; };
		F15F59F61E71DFBB00FAFD86 /* libGameLibrary.a in Frameworks */ = {isa = PBXBuildFile; fileRef = F15F59F51E71DFBB00FAFD86 /* libGameLibrary.a */; };
		F16F10FF1E6722CF009A465C /* ImageIO.framework in Frameworks */ = {isa = PBXBuildFile; fileRef = F16F10FE1E6722CF009A465C /* ImageIO.framework */; };
		F16F11011E6722DF009A465C /* ForceFeedback.framework in Frameworks */ = {isa = PBXBuildFile; fileRef = F16F11001E6722DF009A465C /* ForceFeedback.framework */; };
		F16F11031E6722F4009A465C /* IOKit.framework in Frameworks */ = {isa = PBXBuildFile; fileRef = F16F11021E6722F4009A465C /* IOKit.framework */; };
		F16F11051E6722FE009A465C /* AudioToolbox.framework in Frameworks */ = {isa = PBXBuildFile; fileRef = F16F11041E6722FE009A465C /* AudioToolbox.framework */; };
		F16F11071E672306009A465C /* CoreVideo.framework in Frameworks */ = {isa = PBXBuildFile; fileRef = F16F11061E672306009A465C /* CoreVideo.framework */; };
		F16F11091E67230D009A465C /* CoreAudio.framework in Frameworks */ = {isa = PBXBuildFile; fileRef = F16F11081E67230D009A465C /* CoreAudio.framework */; };
		F16F110B1E672315009A465C /* CoreGraphics.framework in Frameworks */ = {isa = PBXBuildFile; fileRef = F16F110A1E672315009A465C /* CoreGraphics.framework */; };
		F16F110D1E67231F009A465C /* CoreFoundation.framework in Frameworks */ = {isa = PBXBuildFile; fileRef = F16F110C1E67231F009A465C /* CoreFoundation.framework */; };
		F16F110F1E672326009A465C /* AppKit.framework in Frameworks */ = {isa = PBXBuildFile; fileRef = F16F110E1E672326009A465C /* AppKit.framework */; };
		F16F11111E67232F009A465C /* Foundation.framework in Frameworks */ = {isa = PBXBuildFile; fileRef = F16F11101E67232F009A465C /* Foundation.framework */; };
		F17A3A8C1E97FAAA00D07EBE /* PickUpItemAction.cpp in Sources */ = {isa = PBXBuildFile; fileRef = F17A3A8A1E97FAAA00D07EBE /* PickUpItemAction.cpp */; };
		F181964E1E8AE8C7009BD55F /* TestStage.cpp in Sources */ = {isa = PBXBuildFile; fileRef = F181964C1E8AE8C7009BD55F /* TestStage.cpp */; };
		F1A7DF671E89854700472DB2 /* JumpAction.cpp in Sources */ = {isa = PBXBuildFile; fileRef = F1A7DF651E89854700472DB2 /* JumpAction.cpp */; };
		F1BA75D11E9284D600647E41 /* Sword.cpp in Sources */ = {isa = PBXBuildFile; fileRef = F1BA75CF1E9284D600647E41 /* Sword.cpp */; };
/* End PBXBuildFile section */

/* Begin PBXCopyFilesBuildPhase section */
		F14464E01E672D8F0088EAA3 /* Embed Frameworks */ = {
			isa = PBXCopyFilesBuildPhase;
			buildActionMask = 2147483647;
			dstPath = "";
			dstSubfolderSpec = 10;
			files = (
				F14464F21E6730440088EAA3 /* webp.framework in Embed Frameworks */,
				F14464E91E672F110088EAA3 /* FreeType.framework in Embed Frameworks */,
			);
			name = "Embed Frameworks";
			runOnlyForDeploymentPostprocessing = 0;
		};
/* End PBXCopyFilesBuildPhase section */

/* Begin PBXFileReference section */
		F14464E11E672E050088EAA3 /* Player.cpp */ = {isa = PBXFileReference; fileEncoding = 4; lastKnownFileType = sourcecode.cpp.cpp; path = Player.cpp; sourceTree = "<group>"; };
		F14464E21E672E050088EAA3 /* Player.hpp */ = {isa = PBXFileReference; fileEncoding = 4; lastKnownFileType = sourcecode.cpp.h; path = Player.hpp; sourceTree = "<group>"; };
		F14464E71E672F110088EAA3 /* FreeType.framework */ = {isa = PBXFileReference; lastKnownFileType = wrapper.framework; name = FreeType.framework; path = ../../../external/GameLibrary/external/SDL/SDL_ttf/Xcode/Frameworks/FreeType.framework; sourceTree = "<group>"; };
		F14464EC1E672F900088EAA3 /* Carbon.framework */ = {isa = PBXFileReference; lastKnownFileType = wrapper.framework; name = Carbon.framework; path = System/Library/Frameworks/Carbon.framework; sourceTree = SDKROOT; };
		F14464F01E6730440088EAA3 /* webp.framework */ = {isa = PBXFileReference; lastKnownFileType = wrapper.framework; name = webp.framework; path = ../../../external/GameLibrary/external/SDL/SDL_image/Xcode/Frameworks/webp.framework; sourceTree = "<group>"; };
		F15A1FC01E54A02F008D83E5 /* FightGame.app */ = {isa = PBXFileReference; explicitFileType = wrapper.application; includeInIndex = 0; path = FightGame.app; sourceTree = BUILT_PRODUCTS_DIR; };
		F15A1FC91E54A02F008D83E5 /* Assets.xcassets */ = {isa = PBXFileReference; lastKnownFileType = folder.assetcatalog; path = Assets.xcassets; sourceTree = "<group>"; };
		F15A1FCC1E54A02F008D83E5 /* Base */ = {isa = PBXFileReference; lastKnownFileType = file.xib; name = Base; path = Base.lproj/MainMenu.xib; sourceTree = "<group>"; };
		F15A1FCE1E54A02F008D83E5 /* Info.plist */ = {isa = PBXFileReference; lastKnownFileType = text.plist.xml; path = Info.plist; sourceTree = "<group>"; };
		F15A20081E54A873008D83E5 /* libFightLib.a */ = {isa = PBXFileReference; lastKnownFileType = archive.ar; name = libFightLib.a; path = ../build/Debug/libFightLib.a; sourceTree = "<group>"; };
		F15A20E01E54B07F008D83E5 /* FightGame.cpp */ = {isa = PBXFileReference; fileEncoding = 4; lastKnownFileType = sourcecode.cpp.cpp; path = FightGame.cpp; sourceTree = "<group>"; };
		F15A20E21E54B07F008D83E5 /* main.cpp */ = {isa = PBXFileReference; fileEncoding = 4; lastKnownFileType = sourcecode.cpp.cpp; path = main.cpp; sourceTree = "<group>"; };
		F15A20E51E54B08A008D83E5 /* assets */ = {isa = PBXFileReference; lastKnownFileType = folder; name = assets; path = ../../../test/assets; sourceTree = "<group>"; };
		F15F59F51E71DFBB00FAFD86 /* libGameLibrary.a */ = {isa = PBXFileReference; lastKnownFileType = archive.ar; name = libGameLibrary.a; path = "../../../../../../../../Library/Developer/Xcode/DerivedData/FightLib-bxtoxjsgitasaubdottnphxzqntr/Build/Products/Debug/libGameLibrary.a"; sourceTree = "<group>"; };
		F16F10FE1E6722CF009A465C /* ImageIO.framework */ = {isa = PBXFileReference; lastKnownFileType = wrapper.framework; name = ImageIO.framework; path = System/Library/Frameworks/ImageIO.framework; sourceTree = SDKROOT; };
		F16F11001E6722DF009A465C /* ForceFeedback.framework */ = {isa = PBXFileReference; lastKnownFileType = wrapper.framework; name = ForceFeedback.framework; path = System/Library/Frameworks/ForceFeedback.framework; sourceTree = SDKROOT; };
		F16F11021E6722F4009A465C /* IOKit.framework */ = {isa = PBXFileReference; lastKnownFileType = wrapper.framework; name = IOKit.framework; path = System/Library/Frameworks/IOKit.framework; sourceTree = SDKROOT; };
		F16F11041E6722FE009A465C /* AudioToolbox.framework */ = {isa = PBXFileReference; lastKnownFileType = wrapper.framework; name = AudioToolbox.framework; path = System/Library/Frameworks/AudioToolbox.framework; sourceTree = SDKROOT; };
		F16F11061E672306009A465C /* CoreVideo.framework */ = {isa = PBXFileReference; lastKnownFileType = wrapper.framework; name = CoreVideo.framework; path = System/Library/Frameworks/CoreVideo.framework; sourceTree = SDKROOT; };
		F16F11081E67230D009A465C /* CoreAudio.framework */ = {isa = PBXFileReference; lastKnownFileType = wrapper.framework; name = CoreAudio.framework; path = System/Library/Frameworks/CoreAudio.framework; sourceTree = SDKROOT; };
		F16F110A1E672315009A465C /* CoreGraphics.framework */ = {isa = PBXFileReference; lastKnownFileType = wrapper.framework; name = CoreGraphics.framework; path = System/Library/Frameworks/CoreGraphics.framework; sourceTree = SDKROOT; };
		F16F110C1E67231F009A465C /* CoreFoundation.framework */ = {isa = PBXFileReference; lastKnownFileType = wrapper.framework; name = CoreFoundation.framework; path = System/Library/Frameworks/CoreFoundation.framework; sourceTree = SDKROOT; };
		F16F110E1E672326009A465C /* AppKit.framework */ = {isa = PBXFileReference; lastKnownFileType = wrapper.framework; name = AppKit.framework; path = System/Library/Frameworks/AppKit.framework; sourceTree = SDKROOT; };
		F16F11101E67232F009A465C /* Foundation.framework */ = {isa = PBXFileReference; lastKnownFileType = wrapper.framework; name = Foundation.framework; path = System/Library/Frameworks/Foundation.framework; sourceTree = SDKROOT; };
		F16F114A1E6724F9009A465C /* libGameLibrary.a */ = {isa = PBXFileReference; lastKnownFileType = archive.ar; name = libGameLibrary.a; path = "../../../../../../Library/Developer/Xcode/DerivedData/FightLib-avrgvqsgtiqwqtgjfspxcfhjrkjm/Build/Products/Debug/libGameLibrary.a"; sourceTree = "<group>"; };
		F17A3A8A1E97FAAA00D07EBE /* PickUpItemAction.cpp */ = {isa = PBXFileReference; fileEncoding = 4; lastKnownFileType = sourcecode.cpp.cpp; path = PickUpItemAction.cpp; sourceTree = "<group>"; };
		F17A3A8B1E97FAAA00D07EBE /* PickUpItemAction.hpp */ = {isa = PBXFileReference; fileEncoding = 4; lastKnownFileType = sourcecode.cpp.h; path = PickUpItemAction.hpp; sourceTree = "<group>"; };
		F17BBBE41E64963F00A7F8F4 /* FightGame.hpp */ = {isa = PBXFileReference; lastKnownFileType = sourcecode.cpp.h; path = FightGame.hpp; sourceTree = "<group>"; };
		F181964C1E8AE8C7009BD55F /* TestStage.cpp */ = {isa = PBXFileReference; fileEncoding = 4; lastKnownFileType = sourcecode.cpp.cpp; path = TestStage.cpp; sourceTree = "<group>"; };
		F181964D1E8AE8C7009BD55F /* TestStage.hpp */ = {isa = PBXFileReference; fileEncoding = 4; lastKnownFileType = sourcecode.cpp.h; path = TestStage.hpp; sourceTree = "<group>"; };
		F1A7DF651E89854700472DB2 /* JumpAction.cpp */ = {isa = PBXFileReference; fileEncoding = 4; lastKnownFileType = sourcecode.cpp.cpp; path = JumpAction.cpp; sourceTree = "<group>"; };
		F1A7DF661E89854700472DB2 /* JumpAction.hpp */ = {isa = PBXFileReference; fileEncoding = 4; lastKnownFileType = sourcecode.cpp.h; path = JumpAction.hpp; sourceTree = "<group>"; };
		F1BA75CF1E9284D600647E41 /* Sword.cpp */ = {isa = PBXFileReference; fileEncoding = 4; lastKnownFileType = sourcecode.cpp.cpp; path = Sword.cpp; sourceTree = "<group>"; };
		F1BA75D01E9284D600647E41 /* Sword.hpp */ = {isa = PBXFileReference; fileEncoding = 4; lastKnownFileType = sourcecode.cpp.h; path = Sword.hpp; sourceTree = "<group>"; };
/* End PBXFileReference section */

/* Begin PBXFrameworksBuildPhase section */
		F15A1FBD1E54A02F008D83E5 /* Frameworks */ = {
			isa = PBXFrameworksBuildPhase;
			buildActionMask = 2147483647;
			files = (
				F14464E81E672F110088EAA3 /* FreeType.framework in Frameworks */,
				F16F11111E67232F009A465C /* Foundation.framework in Frameworks */,
				F16F110F1E672326009A465C /* AppKit.framework in Frameworks */,
				F16F110D1E67231F009A465C /* CoreFoundation.framework in Frameworks */,
				F16F110B1E672315009A465C /* CoreGraphics.framework in Frameworks */,
				F16F11091E67230D009A465C /* CoreAudio.framework in Frameworks */,
				F16F11071E672306009A465C /* CoreVideo.framework in Frameworks */,
				F16F11051E6722FE009A465C /* AudioToolbox.framework in Frameworks */,
				F16F11031E6722F4009A465C /* IOKit.framework in Frameworks */,
				F16F11011E6722DF009A465C /* ForceFeedback.framework in Frameworks */,
				F16F10FF1E6722CF009A465C /* ImageIO.framework in Frameworks */,
				F14464ED1E672F900088EAA3 /* Carbon.framework in Frameworks */,
				F14464F11E6730440088EAA3 /* webp.framework in Frameworks */,
				F15A20091E54A873008D83E5 /* libFightLib.a in Frameworks */,
				F15F59F61E71DFBB00FAFD86 /* libGameLibrary.a in Frameworks */,
			);
			runOnlyForDeploymentPostprocessing = 0;
		};
/* End PBXFrameworksBuildPhase section */

/* Begin PBXGroup section */
		F15A1FB71E54A02F008D83E5 = {
			isa = PBXGroup;
			children = (
				F15A1FC21E54A02F008D83E5 /* project_assets */,
				F15A20E51E54B08A008D83E5 /* assets */,
				F15A20DF1E54B07F008D83E5 /* src */,
				F15A1FC11E54A02F008D83E5 /* Products */,
				F15A20071E54A873008D83E5 /* Frameworks */,
			);
			sourceTree = "<group>";
		};
		F15A1FC11E54A02F008D83E5 /* Products */ = {
			isa = PBXGroup;
			children = (
				F15A1FC01E54A02F008D83E5 /* FightGame.app */,
			);
			name = Products;
			sourceTree = "<group>";
		};
		F15A1FC21E54A02F008D83E5 /* project_assets */ = {
			isa = PBXGroup;
			children = (
				F15A1FC91E54A02F008D83E5 /* Assets.xcassets */,
				F15A1FCB1E54A02F008D83E5 /* MainMenu.xib */,
				F15A1FCE1E54A02F008D83E5 /* Info.plist */,
			);
			path = project_assets;
			sourceTree = "<group>";
		};
		F15A20071E54A873008D83E5 /* Frameworks */ = {
			isa = PBXGroup;
			children = (
				F15F59F51E71DFBB00FAFD86 /* libGameLibrary.a */,
				F16F11101E67232F009A465C /* Foundation.framework */,
				F16F110E1E672326009A465C /* AppKit.framework */,
				F16F110C1E67231F009A465C /* CoreFoundation.framework */,
				F16F110A1E672315009A465C /* CoreGraphics.framework */,
				F16F11081E67230D009A465C /* CoreAudio.framework */,
				F16F11061E672306009A465C /* CoreVideo.framework */,
				F16F11041E6722FE009A465C /* AudioToolbox.framework */,
				F16F11021E6722F4009A465C /* IOKit.framework */,
				F16F11001E6722DF009A465C /* ForceFeedback.framework */,
				F16F10FE1E6722CF009A465C /* ImageIO.framework */,
				F14464EC1E672F900088EAA3 /* Carbon.framework */,
				F14464E71E672F110088EAA3 /* FreeType.framework */,
				F14464F01E6730440088EAA3 /* webp.framework */,
				F16F114A1E6724F9009A465C /* libGameLibrary.a */,
				F15A20081E54A873008D83E5 /* libFightLib.a */,
			);
			name = Frameworks;
			sourceTree = "<group>";
		};
		F15A20DF1E54B07F008D83E5 /* src */ = {
			isa = PBXGroup;
			children = (
				F15A20E01E54B07F008D83E5 /* FightGame.cpp */,
				F17BBBE41E64963F00A7F8F4 /* FightGame.hpp */,
				F15A20E21E54B07F008D83E5 /* main.cpp */,
				F14464E11E672E050088EAA3 /* Player.cpp */,
				F14464E21E672E050088EAA3 /* Player.hpp */,
				F1A7DF651E89854700472DB2 /* JumpAction.cpp */,
				F1A7DF661E89854700472DB2 /* JumpAction.hpp */,
				F17A3A8A1E97FAAA00D07EBE /* PickUpItemAction.cpp */,
				F17A3A8B1E97FAAA00D07EBE /* PickUpItemAction.hpp */,
				F1BA75CF1E9284D600647E41 /* Sword.cpp */,
				F1BA75D01E9284D600647E41 /* Sword.hpp */,
				F181964C1E8AE8C7009BD55F /* TestStage.cpp */,
				F181964D1E8AE8C7009BD55F /* TestStage.hpp */,
			);
			name = src;
			path = ../../../test/src;
			sourceTree = "<group>";
		};
/* End PBXGroup section */

/* Begin PBXNativeTarget section */
		F15A1FBF1E54A02F008D83E5 /* FightGame */ = {
			isa = PBXNativeTarget;
			buildConfigurationList = F15A1FD11E54A02F008D83E5 /* Build configuration list for PBXNativeTarget "FightGame" */;
			buildPhases = (
				F15A1FBC1E54A02F008D83E5 /* Sources */,
				F15A1FBD1E54A02F008D83E5 /* Frameworks */,
				F15A1FBE1E54A02F008D83E5 /* Resources */,
				F14464E01E672D8F0088EAA3 /* Embed Frameworks */,
			);
			buildRules = (
			);
			dependencies = (
			);
			name = FightGame;
			productName = FightGame;
			productReference = F15A1FC01E54A02F008D83E5 /* FightGame.app */;
			productType = "com.apple.product-type.application";
		};
/* End PBXNativeTarget section */

/* Begin PBXProject section */
		F15A1FB81E54A02F008D83E5 /* Project object */ = {
			isa = PBXProject;
			attributes = {
				LastUpgradeCheck = 0820;
				ORGANIZATIONNAME = "Luis Finke";
				TargetAttributes = {
					F15A1FBF1E54A02F008D83E5 = {
						CreatedOnToolsVersion = 8.2.1;
						ProvisioningStyle = Automatic;
					};
				};
			};
			buildConfigurationList = F15A1FBB1E54A02F008D83E5 /* Build configuration list for PBXProject "FightGame" */;
			compatibilityVersion = "Xcode 3.2";
			developmentRegion = English;
			hasScannedForEncodings = 0;
			knownRegions = (
				en,
				Base,
			);
			mainGroup = F15A1FB71E54A02F008D83E5;
			productRefGroup = F15A1FC11E54A02F008D83E5 /* Products */;
			projectDirPath = "";
			projectRoot = "";
			targets = (
				F15A1FBF1E54A02F008D83E5 /* FightGame */,
			);
		};
/* End PBXProject section */

/* Begin PBXResourcesBuildPhase section */
		F15A1FBE1E54A02F008D83E5 /* Resources */ = {
			isa = PBXResourcesBuildPhase;
			buildActionMask = 2147483647;
			files = (
				F15A20E61E54B08A008D83E5 /* assets in Resources */,
				F15A1FCA1E54A02F008D83E5 /* Assets.xcassets in Resources */,
				F15A1FCD1E54A02F008D83E5 /* MainMenu.xib in Resources */,
			);
			runOnlyForDeploymentPostprocessing = 0;
		};
/* End PBXResourcesBuildPhase section */

/* Begin PBXSourcesBuildPhase section */
		F15A1FBC1E54A02F008D83E5 /* Sources */ = {
			isa = PBXSourcesBuildPhase;
			buildActionMask = 2147483647;
			files = (
				F15A20E41E54B07F008D83E5 /* main.cpp in Sources */,
				F1A7DF671E89854700472DB2 /* JumpAction.cpp in Sources */,
				F15A20E31E54B07F008D83E5 /* FightGame.cpp in Sources */,
				F14464E31E672E050088EAA3 /* Player.cpp in Sources */,
				F181964E1E8AE8C7009BD55F /* TestStage.cpp in Sources */,
				F1BA75D11E9284D600647E41 /* Sword.cpp in Sources */,
				F17A3A8C1E97FAAA00D07EBE /* PickUpItemAction.cpp in Sources */,
			);
			runOnlyForDeploymentPostprocessing = 0;
		};
/* End PBXSourcesBuildPhase section */

/* Begin PBXVariantGroup section */
		F15A1FCB1E54A02F008D83E5 /* MainMenu.xib */ = {
			isa = PBXVariantGroup;
			children = (
				F15A1FCC1E54A02F008D83E5 /* Base */,
			);
			name = MainMenu.xib;
			sourceTree = "<group>";
		};
/* End PBXVariantGroup section */

/* Begin XCBuildConfiguration section */
		F15A1FCF1E54A02F008D83E5 /* Debug */ = {
			isa = XCBuildConfiguration;
			buildSettings = {
				ALWAYS_SEARCH_USER_PATHS = NO;
				CLANG_ANALYZER_NONNULL = YES;
				CLANG_CXX_LANGUAGE_STANDARD = "gnu++0x";
				CLANG_CXX_LIBRARY = "libc++";
				CLANG_ENABLE_MODULES = YES;
				CLANG_ENABLE_OBJC_ARC = YES;
				CLANG_WARN_BOOL_CONVERSION = YES;
				CLANG_WARN_CONSTANT_CONVERSION = YES;
				CLANG_WARN_DIRECT_OBJC_ISA_USAGE = YES_ERROR;
				CLANG_WARN_DOCUMENTATION_COMMENTS = YES;
				CLANG_WARN_EMPTY_BODY = YES;
				CLANG_WARN_ENUM_CONVERSION = YES;
				CLANG_WARN_INFINITE_RECURSION = YES;
				CLANG_WARN_INT_CONVERSION = YES;
				CLANG_WARN_OBJC_ROOT_CLASS = YES_ERROR;
				CLANG_WARN_SUSPICIOUS_MOVE = YES;
				CLANG_WARN_UNREACHABLE_CODE = YES;
				CLANG_WARN__DUPLICATE_METHOD_MATCH = YES;
				CODE_SIGN_IDENTITY = "-";
				COPY_PHASE_STRIP = NO;
				DEBUG_INFORMATION_FORMAT = dwarf;
				ENABLE_STRICT_OBJC_MSGSEND = YES;
				ENABLE_TESTABILITY = YES;
				GCC_C_LANGUAGE_STANDARD = gnu99;
				GCC_DYNAMIC_NO_PIC = NO;
				GCC_NO_COMMON_BLOCKS = YES;
				GCC_OPTIMIZATION_LEVEL = 0;
				GCC_PREPROCESSOR_DEFINITIONS = (
					"DEBUG=1",
					"$(inherited)",
				);
				GCC_WARN_64_TO_32_BIT_CONVERSION = YES;
				GCC_WARN_ABOUT_RETURN_TYPE = YES_ERROR;
				GCC_WARN_UNDECLARED_SELECTOR = YES;
				GCC_WARN_UNINITIALIZED_AUTOS = YES_AGGRESSIVE;
				GCC_WARN_UNUSED_FUNCTION = YES;
				GCC_WARN_UNUSED_VARIABLE = YES;
				MACOSX_DEPLOYMENT_TARGET = 10.12;
				MTL_ENABLE_DEBUG_INFO = YES;
				ONLY_ACTIVE_ARCH = YES;
				SDKROOT = macosx;
			};
			name = Debug;
		};
		F15A1FD01E54A02F008D83E5 /* Release */ = {
			isa = XCBuildConfiguration;
			buildSettings = {
				ALWAYS_SEARCH_USER_PATHS = NO;
				CLANG_ANALYZER_NONNULL = YES;
				CLANG_CXX_LANGUAGE_STANDARD = "gnu++0x";
				CLANG_CXX_LIBRARY = "libc++";
				CLANG_ENABLE_MODULES = YES;
				CLANG_ENABLE_OBJC_ARC = YES;
				CLANG_WARN_BOOL_CONVERSION = YES;
				CLANG_WARN_CONSTANT_CONVERSION = YES;
				CLANG_WARN_DIRECT_OBJC_ISA_USAGE = YES_ERROR;
				CLANG_WARN_DOCUMENTATION_COMMENTS = YES;
				CLANG_WARN_EMPTY_BODY = YES;
				CLANG_WARN_ENUM_CONVERSION = YES;
				CLANG_WARN_INFINITE_RECURSION = YES;
				CLANG_WARN_INT_CONVERSION = YES;
				CLANG_WARN_OBJC_ROOT_CLASS = YES_ERROR;
				CLANG_WARN_SUSPICIOUS_MOVE = YES;
				CLANG_WARN_UNREACHABLE_CODE = YES;
				CLANG_WARN__DUPLICATE_METHOD_MATCH = YES;
				CODE_SIGN_IDENTITY = "-";
				COPY_PHASE_STRIP = NO;
				DEBUG_INFORMATION_FORMAT = "dwarf-with-dsym";
				ENABLE_NS_ASSERTIONS = NO;
				ENABLE_STRICT_OBJC_MSGSEND = YES;
				GCC_C_LANGUAGE_STANDARD = gnu99;
				GCC_NO_COMMON_BLOCKS = YES;
				GCC_WARN_64_TO_32_BIT_CONVERSION = YES;
				GCC_WARN_ABOUT_RETURN_TYPE = YES_ERROR;
				GCC_WARN_UNDECLARED_SELECTOR = YES;
				GCC_WARN_UNINITIALIZED_AUTOS = YES_AGGRESSIVE;
				GCC_WARN_UNUSED_FUNCTION = YES;
				GCC_WARN_UNUSED_VARIABLE = YES;
				MACOSX_DEPLOYMENT_TARGET = 10.12;
				MTL_ENABLE_DEBUG_INFO = NO;
				SDKROOT = macosx;
			};
			name = Release;
		};
		F15A1FD21E54A02F008D83E5 /* Debug */ = {
			isa = XCBuildConfiguration;
			buildSettings = {
				ASSETCATALOG_COMPILER_APPICON_NAME = AppIcon;
				COMBINE_HIDPI_IMAGES = YES;
				FRAMEWORK_SEARCH_PATHS = ../../../external/GameLibrary/projects/xcode/EmbeddedFrameworks;
				HEADER_SEARCH_PATHS = (
					../../../include,
					../../../external/GameLibrary/include,
				);
				INFOPLIST_FILE = "$(SRCROOT)/project_assets/Info.plist";
				LD_RUNPATH_SEARCH_PATHS = "$(inherited) @executable_path/../Frameworks";
				PRODUCT_BUNDLE_IDENTIFIER = com.lufinkey.FightGame;
				PRODUCT_NAME = "$(TARGET_NAME)";
			};
			name = Debug;
		};
		F15A1FD31E54A02F008D83E5 /* Release */ = {
			isa = XCBuildConfiguration;
			buildSettings = {
				ASSETCATALOG_COMPILER_APPICON_NAME = AppIcon;
				COMBINE_HIDPI_IMAGES = YES;
				FRAMEWORK_SEARCH_PATHS = ../../../external/GameLibrary/projects/xcode/EmbeddedFrameworks;
				HEADER_SEARCH_PATHS = (
					../../../include,
					../../../external/GameLibrary/include,
				);
				INFOPLIST_FILE = "$(SRCROOT)/project_assets/Info.plist";
				LD_RUNPATH_SEARCH_PATHS = "$(inherited) @executable_path/../Frameworks";
				PRODUCT_BUNDLE_IDENTIFIER = com.lufinkey.FightGame;
				PRODUCT_NAME = "$(TARGET_NAME)";
			};
			name = Release;
		};
/* End XCBuildConfiguration section */

/* Begin XCConfigurationList section */
		F15A1FBB1E54A02F008D83E5 /* Build configuration list for PBXProject "FightGame" */ = {
			isa = XCConfigurationList;
			buildConfigurations = (
				F15A1FCF1E54A02F008D83E5 /* Debug */,
				F15A1FD01E54A02F008D83E5 /* Release */,
			);
			defaultConfigurationIsVisible = 0;
			defaultConfigurationName = Release;
		};
		F15A1FD11E54A02F008D83E5 /* Build configuration list for PBXNativeTarget "FightGame" */ = {
			isa = XCConfigurationList;
			buildConfigurations = (
				F15A1FD21E54A02F008D83E5 /* Debug */,
				F15A1FD31E54A02F008D83E5 /* Release */,
			);
			defaultConfigurationIsVisible = 0;
			defaultConfigurationName = Release;
		};
/* End XCConfigurationList section */
	};
	rootObject = F15A1FB81E54A02F008D83E5 /* Project object */;
}
